// !$*UTF8*$!
{
	archiveVersion = 1;
	classes = {
	};
	objectVersion = 51;
	objects = {

/* Begin PBXBuildFile section */
		7F77803D7FD2CD6AF58F828C /* Pods_ZeroShare.framework in Frameworks */ = {isa = PBXBuildFile; fileRef = C770F7DE7EBA95D21074E78E /* Pods_ZeroShare.framework */; };
		E61E91C22338EE7C00184885 /* AppDelegate.swift in Sources */ = {isa = PBXBuildFile; fileRef = E61E91C12338EE7C00184885 /* AppDelegate.swift */; };
		E61E91C42338EE7C00184885 /* ViewController.swift in Sources */ = {isa = PBXBuildFile; fileRef = E61E91C32338EE7C00184885 /* ViewController.swift */; };
		E61E91C72338EE7C00184885 /* Main.storyboard in Resources */ = {isa = PBXBuildFile; fileRef = E61E91C52338EE7C00184885 /* Main.storyboard */; };
		E61E91C92338EE7D00184885 /* Assets.xcassets in Resources */ = {isa = PBXBuildFile; fileRef = E61E91C82338EE7D00184885 /* Assets.xcassets */; };
		E61E91CC2338EE7D00184885 /* LaunchScreen.storyboard in Resources */ = {isa = PBXBuildFile; fileRef = E61E91CA2338EE7D00184885 /* LaunchScreen.storyboard */; };
		E61E91D72338EEA600184885 /* Localizable.strings in Resources */ = {isa = PBXBuildFile; fileRef = E61E91D92338EEA600184885 /* Localizable.strings */; };
		E61E91E32338EEE800184885 /* KSWebSocket.m in Sources */ = {isa = PBXBuildFile; fileRef = E61E91E02338EEE800184885 /* KSWebSocket.m */; };
		E61E91E42338EEE800184885 /* KSWebSocketConfigure.m in Sources */ = {isa = PBXBuildFile; fileRef = E61E91E22338EEE800184885 /* KSWebSocketConfigure.m */; };
		E61E923A2338F00F00184885 /* LinkedFramesList.swift in Sources */ = {isa = PBXBuildFile; fileRef = E61E91E82338F00F00184885 /* LinkedFramesList.swift */; };
		E61E923B2338F00F00184885 /* MarginLabel.swift in Sources */ = {isa = PBXBuildFile; fileRef = E61E91E92338F00F00184885 /* MarginLabel.swift */; };
		E61E923C2338F00F00184885 /* PerformanceMonitor.swift in Sources */ = {isa = PBXBuildFile; fileRef = E61E91EA2338F00F00184885 /* PerformanceMonitor.swift */; };
		E61E923D2338F00F00184885 /* PerformanceView.swift in Sources */ = {isa = PBXBuildFile; fileRef = E61E91EB2338F00F00184885 /* PerformanceView.swift */; };
		E61E923E2338F00F00184885 /* PerformanceСalculator.swift in Sources */ = {isa = PBXBuildFile; fileRef = E61E91EC2338F00F00184885 /* PerformanceСalculator.swift */; };
		E61E923F2338F00F00184885 /* Protocols.swift in Sources */ = {isa = PBXBuildFile; fileRef = E61E91ED2338F00F00184885 /* Protocols.swift */; };
		E61E92402338F00F00184885 /* WindowViewController.swift in Sources */ = {isa = PBXBuildFile; fileRef = E61E91EE2338F00F00184885 /* WindowViewController.swift */; };
		E61E92412338F00F00184885 /* KSBaseTableViewCell.swift in Sources */ = {isa = PBXBuildFile; fileRef = E61E91F22338F00F00184885 /* KSBaseTableViewCell.swift */; };
		E61E92422338F00F00184885 /* KSBaseNavigationController.swift in Sources */ = {isa = PBXBuildFile; fileRef = E61E91F42338F00F00184885 /* KSBaseNavigationController.swift */; };
		E61E92432338F00F00184885 /* KSBaseViewController.swift in Sources */ = {isa = PBXBuildFile; fileRef = E61E91F52338F00F00184885 /* KSBaseViewController.swift */; };
		E61E92442338F00F00184885 /* KSBaseView.swift in Sources */ = {isa = PBXBuildFile; fileRef = E61E91F72338F00F00184885 /* KSBaseView.swift */; };
		E61E92452338F00F00184885 /* KSTableView.swift in Sources */ = {isa = PBXBuildFile; fileRef = E61E91F82338F00F00184885 /* KSTableView.swift */; };
		E61E92522338F00F00184885 /* KSChartConfigure.swift in Sources */ = {isa = PBXBuildFile; fileRef = E61E92072338F00F00184885 /* KSChartConfigure.swift */; };
		E61E92582338F00F00184885 /* KSZeroChartView.swift in Sources */ = {isa = PBXBuildFile; fileRef = E61E92102338F00F00184885 /* KSZeroChartView.swift */; };
		E61E925A2338F00F00184885 /* KSChartItem+Extensions.swift in Sources */ = {isa = PBXBuildFile; fileRef = E61E92142338F00F00184885 /* KSChartItem+Extensions.swift */; };
		E61E92612338F00F00184885 /* KSBaseViewController+Extensions.swift in Sources */ = {isa = PBXBuildFile; fileRef = E61E921C2338F00F00184885 /* KSBaseViewController+Extensions.swift */; };
		E61E92622338F00F00184885 /* NSDecimalNumber+KSExtensions.swift in Sources */ = {isa = PBXBuildFile; fileRef = E61E921D2338F00F00184885 /* NSDecimalNumber+KSExtensions.swift */; };
		E61E92632338F00F00184885 /* NSObject+KSExtensions.swift in Sources */ = {isa = PBXBuildFile; fileRef = E61E921E2338F00F00184885 /* NSObject+KSExtensions.swift */; };
		E61E92652338F00F00184885 /* UIButton+KSExtensions.swift in Sources */ = {isa = PBXBuildFile; fileRef = E61E92202338F00F00184885 /* UIButton+KSExtensions.swift */; };
		E61E92662338F00F00184885 /* UIImage+KSExtensions.swift in Sources */ = {isa = PBXBuildFile; fileRef = E61E92212338F00F00184885 /* UIImage+KSExtensions.swift */; };
		E61E92672338F00F00184885 /* UILabel+KSExtensions.swift in Sources */ = {isa = PBXBuildFile; fileRef = E61E92222338F00F00184885 /* UILabel+KSExtensions.swift */; };
		E61E92682338F00F00184885 /* UIView+KSExtensions.swift in Sources */ = {isa = PBXBuildFile; fileRef = E61E92232338F00F00184885 /* UIView+KSExtensions.swift */; };
		E61E92692338F00F00184885 /* UIViewController+KSExtensions.swift in Sources */ = {isa = PBXBuildFile; fileRef = E61E92242338F00F00184885 /* UIViewController+KSExtensions.swift */; };
		E61E926E2338F00F00184885 /* KSConstValue.swift in Sources */ = {isa = PBXBuildFile; fileRef = E61E922F2338F00F00184885 /* KSConstValue.swift */; };
		E61E92702338F00F00184885 /* KSFileMgr.swift in Sources */ = {isa = PBXBuildFile; fileRef = E61E92332338F00F00184885 /* KSFileMgr.swift */; };
		E61E92722338F00F00184885 /* KSSpeedy.swift in Sources */ = {isa = PBXBuildFile; fileRef = E61E92362338F00F00184885 /* KSSpeedy.swift */; };
		E61E92782338F01700184885 /* KSApi.swift in Sources */ = {isa = PBXBuildFile; fileRef = E61E92772338F01700184885 /* KSApi.swift */; };
		E61E92B72338F05500184885 /* KSMarketTradeCell.swift in Sources */ = {isa = PBXBuildFile; fileRef = E61E927D2338F05500184885 /* KSMarketTradeCell.swift */; };
		E61E92B82338F05500184885 /* KSDashboardChildController.swift in Sources */ = {isa = PBXBuildFile; fileRef = E61E927F2338F05500184885 /* KSDashboardChildController.swift */; };
		E61E92B92338F05500184885 /* KSMarketTradeController.swift in Sources */ = {isa = PBXBuildFile; fileRef = E61E92802338F05500184885 /* KSMarketTradeController.swift */; };
		E61E92BA2338F05500184885 /* KSTradeDetail.swift in Sources */ = {isa = PBXBuildFile; fileRef = E61E92822338F05500184885 /* KSTradeDetail.swift */; };
		E61E92BB2338F05500184885 /* KSOrderBookCell.swift in Sources */ = {isa = PBXBuildFile; fileRef = E61E92852338F05500184885 /* KSOrderBookCell.swift */; };
		E61E92BC2338F05500184885 /* KSOrderBookController.swift in Sources */ = {isa = PBXBuildFile; fileRef = E61E92872338F05500184885 /* KSOrderBookController.swift */; };
		E61E92BD2338F05500184885 /* KSDoubleLabelView.swift in Sources */ = {isa = PBXBuildFile; fileRef = E61E928B2338F05500184885 /* KSDoubleLabelView.swift */; };
		E61E92BE2338F05500184885 /* KSButton.swift in Sources */ = {isa = PBXBuildFile; fileRef = E61E928D2338F05500184885 /* KSButton.swift */; };
		E61E92BF2338F05500184885 /* KSListMenuView.swift in Sources */ = {isa = PBXBuildFile; fileRef = E61E928F2338F05500184885 /* KSListMenuView.swift */; };
		E61E92C02338F05500184885 /* KSPageButton.swift in Sources */ = {isa = PBXBuildFile; fileRef = E61E92912338F05500184885 /* KSPageButton.swift */; };
		E61E92C12338F05500184885 /* KSTwinsLabelView.swift in Sources */ = {isa = PBXBuildFile; fileRef = E61E92932338F05500184885 /* KSTwinsLabelView.swift */; };
		E61E92C22338F05500184885 /* KSLanguageHelper.swift in Sources */ = {isa = PBXBuildFile; fileRef = E61E92962338F05500184885 /* KSLanguageHelper.swift */; };
		E61E92C32338F05500184885 /* ASNetManager.swift in Sources */ = {isa = PBXBuildFile; fileRef = E61E92982338F05500184885 /* ASNetManager.swift */; };
		E61E92C42338F05500184885 /* KSSingleton.swift in Sources */ = {isa = PBXBuildFile; fileRef = E61E929A2338F05500184885 /* KSSingleton.swift */; };
		E61E92C52338F05500184885 /* KSDashboardController.swift in Sources */ = {isa = PBXBuildFile; fileRef = E61E929D2338F05500184885 /* KSDashboardController.swift */; };
		E61E92C72338F05500184885 /* KSDashboardConfigure.swift in Sources */ = {isa = PBXBuildFile; fileRef = E61E92A02338F05500184885 /* KSDashboardConfigure.swift */; };
		E61E92C82338F05500184885 /* KSIndexConfigure.swift in Sources */ = {isa = PBXBuildFile; fileRef = E61E92A12338F05500184885 /* KSIndexConfigure.swift */; };
		E61E92C92338F05500184885 /* KSSocketMsgMgr.swift in Sources */ = {isa = PBXBuildFile; fileRef = E61E92A22338F05500184885 /* KSSocketMsgMgr.swift */; };
		E61E92CA2338F05500184885 /* KSSummaryInfo.swift in Sources */ = {isa = PBXBuildFile; fileRef = E61E92A32338F05500184885 /* KSSummaryInfo.swift */; };
		E61E92CB2338F05500184885 /* KSDashboardRequest.swift in Sources */ = {isa = PBXBuildFile; fileRef = E61E92A52338F05500184885 /* KSDashboardRequest.swift */; };
		E61E92CC2338F05500184885 /* KSChartHorizontalView.swift in Sources */ = {isa = PBXBuildFile; fileRef = E61E92A82338F05500184885 /* KSChartHorizontalView.swift */; };
		E61E92CD2338F05500184885 /* KSVerticalMenuView.swift in Sources */ = {isa = PBXBuildFile; fileRef = E61E92A92338F05500184885 /* KSVerticalMenuView.swift */; };
		E61E92CE2338F05500184885 /* KSBubbleMenuView.swift in Sources */ = {isa = PBXBuildFile; fileRef = E61E92AB2338F05500184885 /* KSBubbleMenuView.swift */; };
		E61E92CF2338F05500184885 /* KSChartFuncsView.swift in Sources */ = {isa = PBXBuildFile; fileRef = E61E92AC2338F05500184885 /* KSChartFuncsView.swift */; };
		E61E92D02338F05500184885 /* KSChartIndexView.swift in Sources */ = {isa = PBXBuildFile; fileRef = E61E92AD2338F05500184885 /* KSChartIndexView.swift */; };
		E61E92D12338F05500184885 /* KSChartMenuCell.swift in Sources */ = {isa = PBXBuildFile; fileRef = E61E92AE2338F05500184885 /* KSChartMenuCell.swift */; };
		E61E92D22338F05500184885 /* KSChartValueView.swift in Sources */ = {isa = PBXBuildFile; fileRef = E61E92AF2338F05500184885 /* KSChartValueView.swift */; };
		E61E92D32338F05500184885 /* KSHeaderChartView.swift in Sources */ = {isa = PBXBuildFile; fileRef = E61E92B02338F05500184885 /* KSHeaderChartView.swift */; };
		E61E92D42338F05500184885 /* KSKChartView.swift in Sources */ = {isa = PBXBuildFile; fileRef = E61E92B12338F05500184885 /* KSKChartView.swift */; };
		E61E92D52338F05500184885 /* KSMenuBarView.swift in Sources */ = {isa = PBXBuildFile; fileRef = E61E92B22338F05500184885 /* KSMenuBarView.swift */; };
		E61E92D62338F05500184885 /* KSPriceIndexView.swift in Sources */ = {isa = PBXBuildFile; fileRef = E61E92B32338F05500184885 /* KSPriceIndexView.swift */; };
		E61E92D72338F05500184885 /* KSTaiPickerView.swift in Sources */ = {isa = PBXBuildFile; fileRef = E61E92B42338F05500184885 /* KSTaiPickerView.swift */; };
		E61E92D82338F05500184885 /* KSTimePickerView.swift in Sources */ = {isa = PBXBuildFile; fileRef = E61E92B52338F05500184885 /* KSTimePickerView.swift */; };
		E61E92D92338F05500184885 /* KSTransactionBarView.swift in Sources */ = {isa = PBXBuildFile; fileRef = E61E92B62338F05500184885 /* KSTransactionBarView.swift */; };
		E61E92DC2338F0A700184885 /* KSImport.swift in Sources */ = {isa = PBXBuildFile; fileRef = E61E92DB2338F0A700184885 /* KSImport.swift */; };
		E61E92E12338F11D00184885 /* KSLineChartCell.swift in Sources */ = {isa = PBXBuildFile; fileRef = E61E92E02338F11D00184885 /* KSLineChartCell.swift */; };
		E61E92F22338F46300184885 /* candles.txt in Resources */ = {isa = PBXBuildFile; fileRef = E61E92E52338F46300184885 /* candles.txt */; };
		E61E92F32338F46300184885 /* depth.json in Resources */ = {isa = PBXBuildFile; fileRef = E61E92E62338F46300184885 /* depth.json */; };
		E61E92F42338F46300184885 /* ethbtc.txt in Resources */ = {isa = PBXBuildFile; fileRef = E61E92E72338F46300184885 /* ethbtc.txt */; };
		E61E92F52338F46300184885 /* ethbtc_minute.txt in Resources */ = {isa = PBXBuildFile; fileRef = E61E92E82338F46300184885 /* ethbtc_minute.txt */; };
		E61E92F62338F46300184885 /* kLineForDay.json in Resources */ = {isa = PBXBuildFile; fileRef = E61E92E92338F46300184885 /* kLineForDay.json */; };
		E61E92F72338F46300184885 /* macddata.json in Resources */ = {isa = PBXBuildFile; fileRef = E61E92EA2338F46300184885 /* macddata.json */; };
		E61E92F82338F46300184885 /* orderbook.txt in Resources */ = {isa = PBXBuildFile; fileRef = E61E92EB2338F46300184885 /* orderbook.txt */; };
		E61E92F92338F46300184885 /* SZ300033.json in Resources */ = {isa = PBXBuildFile; fileRef = E61E92EC2338F46300184885 /* SZ300033.json */; };
		E61E92FA2338F46300184885 /* technical_indicators.txt in Resources */ = {isa = PBXBuildFile; fileRef = E61E92ED2338F46300184885 /* technical_indicators.txt */; };
		E61E92FB2338F46300184885 /* timeLineForDay.json in Resources */ = {isa = PBXBuildFile; fileRef = E61E92EE2338F46300184885 /* timeLineForDay.json */; };
		E61E92FC2338F46300184885 /* wonbtc.txt in Resources */ = {isa = PBXBuildFile; fileRef = E61E92EF2338F46300184885 /* wonbtc.txt */; };
		E61E92FD2338F46300184885 /* wonbtc_kline.txt in Resources */ = {isa = PBXBuildFile; fileRef = E61E92F02338F46300184885 /* wonbtc_kline.txt */; };
		E61E92FE2338F46300184885 /* wonbtctrade.txt in Resources */ = {isa = PBXBuildFile; fileRef = E61E92F12338F46300184885 /* wonbtctrade.txt */; };
		E622D1BB2339DDA700D233E0 /* KSChartStyles.swift in Sources */ = {isa = PBXBuildFile; fileRef = E622D1BA2339DDA700D233E0 /* KSChartStyles.swift */; };
		E622D1BD2339E06300D233E0 /* KSBinanceController.swift in Sources */ = {isa = PBXBuildFile; fileRef = E622D1BC2339E06300D233E0 /* KSBinanceController.swift */; };
		E622D1BF2339F3C000D233E0 /* KSSeriesParam.swift in Sources */ = {isa = PBXBuildFile; fileRef = E622D1BE2339F3C000D233E0 /* KSSeriesParam.swift */; };
		E622D1C4233A224500D233E0 /* KSMyShareController.swift in Sources */ = {isa = PBXBuildFile; fileRef = E622D1C3233A224500D233E0 /* KSMyShareController.swift */; };
		E6AB6E66238BEA5900C9BCF3 /* KSAxisModel.swift in Sources */ = {isa = PBXBuildFile; fileRef = E6AB6E4A238BEA5900C9BCF3 /* KSAxisModel.swift */; };
		E6AB6E67238BEA5900C9BCF3 /* KSCalculator.swift in Sources */ = {isa = PBXBuildFile; fileRef = E6AB6E4B238BEA5900C9BCF3 /* KSCalculator.swift */; };
		E6AB6E68238BEA5900C9BCF3 /* KSChartModel.swift in Sources */ = {isa = PBXBuildFile; fileRef = E6AB6E4C238BEA5900C9BCF3 /* KSChartModel.swift */; };
		E6AB6E6A238BEA5900C9BCF3 /* KSDepthChartView.swift in Sources */ = {isa = PBXBuildFile; fileRef = E6AB6E4E238BEA5900C9BCF3 /* KSDepthChartView.swift */; };
		E6AB6E6B238BEA5900C9BCF3 /* KSDynamicItem.swift in Sources */ = {isa = PBXBuildFile; fileRef = E6AB6E4F238BEA5900C9BCF3 /* KSDynamicItem.swift */; };
		E6AB6E6C238BEA5900C9BCF3 /* KSExtension.swift in Sources */ = {isa = PBXBuildFile; fileRef = E6AB6E50238BEA5900C9BCF3 /* KSExtension.swift */; };
		E6AB6E6D238BEA5900C9BCF3 /* KSKLineChart.swift in Sources */ = {isa = PBXBuildFile; fileRef = E6AB6E51238BEA5900C9BCF3 /* KSKLineChart.swift */; };
		E6AB6E6E238BEA5900C9BCF3 /* KSKLineChartStyle.swift in Sources */ = {isa = PBXBuildFile; fileRef = E6AB6E52238BEA5900C9BCF3 /* KSKLineChartStyle.swift */; };
		E6AB6E6F238BEA5900C9BCF3 /* KSSection.swift in Sources */ = {isa = PBXBuildFile; fileRef = E6AB6E53238BEA5900C9BCF3 /* KSSection.swift */; };
		E6AB6E70238BEA5900C9BCF3 /* KSSeries.swift in Sources */ = {isa = PBXBuildFile; fileRef = E6AB6E54238BEA5900C9BCF3 /* KSSeries.swift */; };
		E6AB6E71238BEA5900C9BCF3 /* KSShapeLayer.swift in Sources */ = {isa = PBXBuildFile; fileRef = E6AB6E55238BEA5900C9BCF3 /* KSShapeLayer.swift */; };
		E6AB6E72238BEA5900C9BCF3 /* KSBollModel.swift in Sources */ = {isa = PBXBuildFile; fileRef = E6AB6E57238BEA5900C9BCF3 /* KSBollModel.swift */; };
		E6AB6E73238BEA5900C9BCF3 /* KSTimeChartModel.swift in Sources */ = {isa = PBXBuildFile; fileRef = E6AB6E58238BEA5900C9BCF3 /* KSTimeChartModel.swift */; };
		E6AB6E74238BEA5900C9BCF3 /* KSChartModel+Extensions.swift in Sources */ = {isa = PBXBuildFile; fileRef = E6AB6E5B238BEA5900C9BCF3 /* KSChartModel+Extensions.swift */; };
		E6AB6E76238BEA5900C9BCF3 /* KSLineModel+Extensions.swift in Sources */ = {isa = PBXBuildFile; fileRef = E6AB6E5D238BEA5900C9BCF3 /* KSLineModel+Extensions.swift */; };
		E6AB6E77238BEA5900C9BCF3 /* KSSection+Extensions.swift in Sources */ = {isa = PBXBuildFile; fileRef = E6AB6E5E238BEA5900C9BCF3 /* KSSection+Extensions.swift */; };
		E6AB6E78238BEA5900C9BCF3 /* KSSeries+Extensions.swift in Sources */ = {isa = PBXBuildFile; fileRef = E6AB6E5F238BEA5900C9BCF3 /* KSSeries+Extensions.swift */; };
		E6AB6E79238BEA5900C9BCF3 /* CGFloat+KSExtensions.swift in Sources */ = {isa = PBXBuildFile; fileRef = E6AB6E61238BEA5900C9BCF3 /* CGFloat+KSExtensions.swift */; };
		E6AB6E7A238BEA5900C9BCF3 /* Date+KSExtensions.swift in Sources */ = {isa = PBXBuildFile; fileRef = E6AB6E62238BEA5900C9BCF3 /* Date+KSExtensions.swift */; };
		E6AB6E7B238BEA5900C9BCF3 /* Double+KSExtensions.swift in Sources */ = {isa = PBXBuildFile; fileRef = E6AB6E63238BEA5900C9BCF3 /* Double+KSExtensions.swift */; };
		E6AB6E7C238BEA5900C9BCF3 /* String+KSExtensions.swift in Sources */ = {isa = PBXBuildFile; fileRef = E6AB6E64238BEA5900C9BCF3 /* String+KSExtensions.swift */; };
		E6AB6E7D238BEA5900C9BCF3 /* UIColor+KSExtensions.swift in Sources */ = {isa = PBXBuildFile; fileRef = E6AB6E65238BEA5900C9BCF3 /* UIColor+KSExtensions.swift */; };
		E6CF4D112423A1580029E29F /* 3songshu.txt in Resources */ = {isa = PBXBuildFile; fileRef = E6CF4D102423A1580029E29F /* 3songshu.txt */; };
/* End PBXBuildFile section */

/* Begin PBXFileReference section */
		078502BD5C7E716DD24FEE07 /* Pods-ZeroShare.release.xcconfig */ = {isa = PBXFileReference; includeInIndex = 1; lastKnownFileType = text.xcconfig; name = "Pods-ZeroShare.release.xcconfig"; path = "Target Support Files/Pods-ZeroShare/Pods-ZeroShare.release.xcconfig"; sourceTree = "<group>"; };
		976229B2BDF5A2CDC61A932A /* Pods-ZeroShare.debug.xcconfig */ = {isa = PBXFileReference; includeInIndex = 1; lastKnownFileType = text.xcconfig; name = "Pods-ZeroShare.debug.xcconfig"; path = "Target Support Files/Pods-ZeroShare/Pods-ZeroShare.debug.xcconfig"; sourceTree = "<group>"; };
		C770F7DE7EBA95D21074E78E /* Pods_ZeroShare.framework */ = {isa = PBXFileReference; explicitFileType = wrapper.framework; includeInIndex = 0; path = Pods_ZeroShare.framework; sourceTree = BUILT_PRODUCTS_DIR; };
		E61E91BE2338EE7C00184885 /* KSChart.app */ = {isa = PBXFileReference; explicitFileType = wrapper.application; includeInIndex = 0; path = KSChart.app; sourceTree = BUILT_PRODUCTS_DIR; };
		E61E91C12338EE7C00184885 /* AppDelegate.swift */ = {isa = PBXFileReference; lastKnownFileType = sourcecode.swift; path = AppDelegate.swift; sourceTree = "<group>"; };
		E61E91C32338EE7C00184885 /* ViewController.swift */ = {isa = PBXFileReference; lastKnownFileType = sourcecode.swift; path = ViewController.swift; sourceTree = "<group>"; };
		E61E91C62338EE7C00184885 /* Base */ = {isa = PBXFileReference; lastKnownFileType = file.storyboard; name = Base; path = Base.lproj/Main.storyboard; sourceTree = "<group>"; };
		E61E91C82338EE7D00184885 /* Assets.xcassets */ = {isa = PBXFileReference; lastKnownFileType = folder.assetcatalog; path = Assets.xcassets; sourceTree = "<group>"; };
		E61E91CB2338EE7D00184885 /* Base */ = {isa = PBXFileReference; lastKnownFileType = file.storyboard; name = Base; path = Base.lproj/LaunchScreen.storyboard; sourceTree = "<group>"; };
		E61E91CD2338EE7D00184885 /* Info.plist */ = {isa = PBXFileReference; lastKnownFileType = text.plist.xml; path = Info.plist; sourceTree = "<group>"; };
		E61E91D32338EE8800184885 /* zh-Hant */ = {isa = PBXFileReference; lastKnownFileType = text.plist.strings; name = "zh-Hant"; path = "zh-Hant.lproj/Main.strings"; sourceTree = "<group>"; };
		E61E91D42338EE8800184885 /* zh-Hant */ = {isa = PBXFileReference; lastKnownFileType = text.plist.strings; name = "zh-Hant"; path = "zh-Hant.lproj/LaunchScreen.strings"; sourceTree = "<group>"; };
		E61E91D82338EEA600184885 /* zh-Hant */ = {isa = PBXFileReference; lastKnownFileType = text.plist.strings; name = "zh-Hant"; path = "zh-Hant.lproj/Localizable.strings"; sourceTree = "<group>"; };
		E61E91DA2338EEAA00184885 /* en */ = {isa = PBXFileReference; lastKnownFileType = text.plist.strings; name = en; path = en.lproj/Localizable.strings; sourceTree = "<group>"; };
		E61E91DF2338EEE800184885 /* KSWebSocket.h */ = {isa = PBXFileReference; fileEncoding = 4; lastKnownFileType = sourcecode.c.h; path = KSWebSocket.h; sourceTree = "<group>"; };
		E61E91E02338EEE800184885 /* KSWebSocket.m */ = {isa = PBXFileReference; fileEncoding = 4; lastKnownFileType = sourcecode.c.objc; path = KSWebSocket.m; sourceTree = "<group>"; };
		E61E91E12338EEE800184885 /* KSWebSocketConfigure.h */ = {isa = PBXFileReference; fileEncoding = 4; lastKnownFileType = sourcecode.c.h; path = KSWebSocketConfigure.h; sourceTree = "<group>"; };
		E61E91E22338EEE800184885 /* KSWebSocketConfigure.m */ = {isa = PBXFileReference; fileEncoding = 4; lastKnownFileType = sourcecode.c.objc; path = KSWebSocketConfigure.m; sourceTree = "<group>"; };
		E61E91E52338EF2F00184885 /* ZeroShare-Bridging-Header.h */ = {isa = PBXFileReference; lastKnownFileType = sourcecode.c.h; path = "ZeroShare-Bridging-Header.h"; sourceTree = "<group>"; };
		E61E91E82338F00F00184885 /* LinkedFramesList.swift */ = {isa = PBXFileReference; fileEncoding = 4; lastKnownFileType = sourcecode.swift; path = LinkedFramesList.swift; sourceTree = "<group>"; };
		E61E91E92338F00F00184885 /* MarginLabel.swift */ = {isa = PBXFileReference; fileEncoding = 4; lastKnownFileType = sourcecode.swift; path = MarginLabel.swift; sourceTree = "<group>"; };
		E61E91EA2338F00F00184885 /* PerformanceMonitor.swift */ = {isa = PBXFileReference; fileEncoding = 4; lastKnownFileType = sourcecode.swift; path = PerformanceMonitor.swift; sourceTree = "<group>"; };
		E61E91EB2338F00F00184885 /* PerformanceView.swift */ = {isa = PBXFileReference; fileEncoding = 4; lastKnownFileType = sourcecode.swift; path = PerformanceView.swift; sourceTree = "<group>"; };
		E61E91EC2338F00F00184885 /* PerformanceСalculator.swift */ = {isa = PBXFileReference; fileEncoding = 4; lastKnownFileType = sourcecode.swift; path = "PerformanceСalculator.swift"; sourceTree = "<group>"; };
		E61E91ED2338F00F00184885 /* Protocols.swift */ = {isa = PBXFileReference; fileEncoding = 4; lastKnownFileType = sourcecode.swift; path = Protocols.swift; sourceTree = "<group>"; };
		E61E91EE2338F00F00184885 /* WindowViewController.swift */ = {isa = PBXFileReference; fileEncoding = 4; lastKnownFileType = sourcecode.swift; path = WindowViewController.swift; sourceTree = "<group>"; };
		E61E91F22338F00F00184885 /* KSBaseTableViewCell.swift */ = {isa = PBXFileReference; fileEncoding = 4; lastKnownFileType = sourcecode.swift; path = KSBaseTableViewCell.swift; sourceTree = "<group>"; };
		E61E91F42338F00F00184885 /* KSBaseNavigationController.swift */ = {isa = PBXFileReference; fileEncoding = 4; lastKnownFileType = sourcecode.swift; path = KSBaseNavigationController.swift; sourceTree = "<group>"; };
		E61E91F52338F00F00184885 /* KSBaseViewController.swift */ = {isa = PBXFileReference; fileEncoding = 4; lastKnownFileType = sourcecode.swift; path = KSBaseViewController.swift; sourceTree = "<group>"; };
		E61E91F72338F00F00184885 /* KSBaseView.swift */ = {isa = PBXFileReference; fileEncoding = 4; lastKnownFileType = sourcecode.swift; path = KSBaseView.swift; sourceTree = "<group>"; };
		E61E91F82338F00F00184885 /* KSTableView.swift */ = {isa = PBXFileReference; fileEncoding = 4; lastKnownFileType = sourcecode.swift; path = KSTableView.swift; sourceTree = "<group>"; };
		E61E92072338F00F00184885 /* KSChartConfigure.swift */ = {isa = PBXFileReference; fileEncoding = 4; lastKnownFileType = sourcecode.swift; path = KSChartConfigure.swift; sourceTree = "<group>"; };
		E61E92102338F00F00184885 /* KSZeroChartView.swift */ = {isa = PBXFileReference; fileEncoding = 4; lastKnownFileType = sourcecode.swift; path = KSZeroChartView.swift; sourceTree = "<group>"; };
		E61E92142338F00F00184885 /* KSChartItem+Extensions.swift */ = {isa = PBXFileReference; fileEncoding = 4; lastKnownFileType = sourcecode.swift; path = "KSChartItem+Extensions.swift"; sourceTree = "<group>"; };
		E61E921C2338F00F00184885 /* KSBaseViewController+Extensions.swift */ = {isa = PBXFileReference; fileEncoding = 4; lastKnownFileType = sourcecode.swift; path = "KSBaseViewController+Extensions.swift"; sourceTree = "<group>"; };
		E61E921D2338F00F00184885 /* NSDecimalNumber+KSExtensions.swift */ = {isa = PBXFileReference; fileEncoding = 4; lastKnownFileType = sourcecode.swift; path = "NSDecimalNumber+KSExtensions.swift"; sourceTree = "<group>"; };
		E61E921E2338F00F00184885 /* NSObject+KSExtensions.swift */ = {isa = PBXFileReference; fileEncoding = 4; lastKnownFileType = sourcecode.swift; path = "NSObject+KSExtensions.swift"; sourceTree = "<group>"; };
		E61E92202338F00F00184885 /* UIButton+KSExtensions.swift */ = {isa = PBXFileReference; fileEncoding = 4; lastKnownFileType = sourcecode.swift; path = "UIButton+KSExtensions.swift"; sourceTree = "<group>"; };
		E61E92212338F00F00184885 /* UIImage+KSExtensions.swift */ = {isa = PBXFileReference; fileEncoding = 4; lastKnownFileType = sourcecode.swift; path = "UIImage+KSExtensions.swift"; sourceTree = "<group>"; };
		E61E92222338F00F00184885 /* UILabel+KSExtensions.swift */ = {isa = PBXFileReference; fileEncoding = 4; lastKnownFileType = sourcecode.swift; path = "UILabel+KSExtensions.swift"; sourceTree = "<group>"; };
		E61E92232338F00F00184885 /* UIView+KSExtensions.swift */ = {isa = PBXFileReference; fileEncoding = 4; lastKnownFileType = sourcecode.swift; path = "UIView+KSExtensions.swift"; sourceTree = "<group>"; };
		E61E92242338F00F00184885 /* UIViewController+KSExtensions.swift */ = {isa = PBXFileReference; fileEncoding = 4; lastKnownFileType = sourcecode.swift; path = "UIViewController+KSExtensions.swift"; sourceTree = "<group>"; };
		E61E922F2338F00F00184885 /* KSConstValue.swift */ = {isa = PBXFileReference; fileEncoding = 4; lastKnownFileType = sourcecode.swift; path = KSConstValue.swift; sourceTree = "<group>"; };
		E61E92332338F00F00184885 /* KSFileMgr.swift */ = {isa = PBXFileReference; fileEncoding = 4; lastKnownFileType = sourcecode.swift; path = KSFileMgr.swift; sourceTree = "<group>"; };
		E61E92362338F00F00184885 /* KSSpeedy.swift */ = {isa = PBXFileReference; fileEncoding = 4; lastKnownFileType = sourcecode.swift; path = KSSpeedy.swift; sourceTree = "<group>"; };
		E61E92772338F01700184885 /* KSApi.swift */ = {isa = PBXFileReference; fileEncoding = 4; lastKnownFileType = sourcecode.swift; path = KSApi.swift; sourceTree = "<group>"; };
		E61E927D2338F05500184885 /* KSMarketTradeCell.swift */ = {isa = PBXFileReference; fileEncoding = 4; lastKnownFileType = sourcecode.swift; path = KSMarketTradeCell.swift; sourceTree = "<group>"; };
		E61E927F2338F05500184885 /* KSDashboardChildController.swift */ = {isa = PBXFileReference; fileEncoding = 4; lastKnownFileType = sourcecode.swift; path = KSDashboardChildController.swift; sourceTree = "<group>"; };
		E61E92802338F05500184885 /* KSMarketTradeController.swift */ = {isa = PBXFileReference; fileEncoding = 4; lastKnownFileType = sourcecode.swift; path = KSMarketTradeController.swift; sourceTree = "<group>"; };
		E61E92822338F05500184885 /* KSTradeDetail.swift */ = {isa = PBXFileReference; fileEncoding = 4; lastKnownFileType = sourcecode.swift; path = KSTradeDetail.swift; sourceTree = "<group>"; };
		E61E92852338F05500184885 /* KSOrderBookCell.swift */ = {isa = PBXFileReference; fileEncoding = 4; lastKnownFileType = sourcecode.swift; path = KSOrderBookCell.swift; sourceTree = "<group>"; };
		E61E92872338F05500184885 /* KSOrderBookController.swift */ = {isa = PBXFileReference; fileEncoding = 4; lastKnownFileType = sourcecode.swift; path = KSOrderBookController.swift; sourceTree = "<group>"; };
		E61E928B2338F05500184885 /* KSDoubleLabelView.swift */ = {isa = PBXFileReference; fileEncoding = 4; lastKnownFileType = sourcecode.swift; path = KSDoubleLabelView.swift; sourceTree = "<group>"; };
		E61E928D2338F05500184885 /* KSButton.swift */ = {isa = PBXFileReference; fileEncoding = 4; lastKnownFileType = sourcecode.swift; path = KSButton.swift; sourceTree = "<group>"; };
		E61E928F2338F05500184885 /* KSListMenuView.swift */ = {isa = PBXFileReference; fileEncoding = 4; lastKnownFileType = sourcecode.swift; path = KSListMenuView.swift; sourceTree = "<group>"; };
		E61E92912338F05500184885 /* KSPageButton.swift */ = {isa = PBXFileReference; fileEncoding = 4; lastKnownFileType = sourcecode.swift; path = KSPageButton.swift; sourceTree = "<group>"; };
		E61E92932338F05500184885 /* KSTwinsLabelView.swift */ = {isa = PBXFileReference; fileEncoding = 4; lastKnownFileType = sourcecode.swift; path = KSTwinsLabelView.swift; sourceTree = "<group>"; };
		E61E92962338F05500184885 /* KSLanguageHelper.swift */ = {isa = PBXFileReference; fileEncoding = 4; lastKnownFileType = sourcecode.swift; path = KSLanguageHelper.swift; sourceTree = "<group>"; };
		E61E92982338F05500184885 /* ASNetManager.swift */ = {isa = PBXFileReference; fileEncoding = 4; lastKnownFileType = sourcecode.swift; path = ASNetManager.swift; sourceTree = "<group>"; };
		E61E929A2338F05500184885 /* KSSingleton.swift */ = {isa = PBXFileReference; fileEncoding = 4; lastKnownFileType = sourcecode.swift; path = KSSingleton.swift; sourceTree = "<group>"; };
		E61E929D2338F05500184885 /* KSDashboardController.swift */ = {isa = PBXFileReference; fileEncoding = 4; lastKnownFileType = sourcecode.swift; path = KSDashboardController.swift; sourceTree = "<group>"; };
		E61E92A02338F05500184885 /* KSDashboardConfigure.swift */ = {isa = PBXFileReference; fileEncoding = 4; lastKnownFileType = sourcecode.swift; path = KSDashboardConfigure.swift; sourceTree = "<group>"; };
		E61E92A12338F05500184885 /* KSIndexConfigure.swift */ = {isa = PBXFileReference; fileEncoding = 4; lastKnownFileType = sourcecode.swift; path = KSIndexConfigure.swift; sourceTree = "<group>"; };
		E61E92A22338F05500184885 /* KSSocketMsgMgr.swift */ = {isa = PBXFileReference; fileEncoding = 4; lastKnownFileType = sourcecode.swift; path = KSSocketMsgMgr.swift; sourceTree = "<group>"; };
		E61E92A32338F05500184885 /* KSSummaryInfo.swift */ = {isa = PBXFileReference; fileEncoding = 4; lastKnownFileType = sourcecode.swift; path = KSSummaryInfo.swift; sourceTree = "<group>"; };
		E61E92A52338F05500184885 /* KSDashboardRequest.swift */ = {isa = PBXFileReference; fileEncoding = 4; lastKnownFileType = sourcecode.swift; path = KSDashboardRequest.swift; sourceTree = "<group>"; };
		E61E92A82338F05500184885 /* KSChartHorizontalView.swift */ = {isa = PBXFileReference; fileEncoding = 4; lastKnownFileType = sourcecode.swift; path = KSChartHorizontalView.swift; sourceTree = "<group>"; };
		E61E92A92338F05500184885 /* KSVerticalMenuView.swift */ = {isa = PBXFileReference; fileEncoding = 4; lastKnownFileType = sourcecode.swift; path = KSVerticalMenuView.swift; sourceTree = "<group>"; };
		E61E92AB2338F05500184885 /* KSBubbleMenuView.swift */ = {isa = PBXFileReference; fileEncoding = 4; lastKnownFileType = sourcecode.swift; path = KSBubbleMenuView.swift; sourceTree = "<group>"; };
		E61E92AC2338F05500184885 /* KSChartFuncsView.swift */ = {isa = PBXFileReference; fileEncoding = 4; lastKnownFileType = sourcecode.swift; path = KSChartFuncsView.swift; sourceTree = "<group>"; };
		E61E92AD2338F05500184885 /* KSChartIndexView.swift */ = {isa = PBXFileReference; fileEncoding = 4; lastKnownFileType = sourcecode.swift; path = KSChartIndexView.swift; sourceTree = "<group>"; };
		E61E92AE2338F05500184885 /* KSChartMenuCell.swift */ = {isa = PBXFileReference; fileEncoding = 4; lastKnownFileType = sourcecode.swift; path = KSChartMenuCell.swift; sourceTree = "<group>"; };
		E61E92AF2338F05500184885 /* KSChartValueView.swift */ = {isa = PBXFileReference; fileEncoding = 4; lastKnownFileType = sourcecode.swift; path = KSChartValueView.swift; sourceTree = "<group>"; };
		E61E92B02338F05500184885 /* KSHeaderChartView.swift */ = {isa = PBXFileReference; fileEncoding = 4; lastKnownFileType = sourcecode.swift; path = KSHeaderChartView.swift; sourceTree = "<group>"; };
		E61E92B12338F05500184885 /* KSKChartView.swift */ = {isa = PBXFileReference; fileEncoding = 4; lastKnownFileType = sourcecode.swift; path = KSKChartView.swift; sourceTree = "<group>"; };
		E61E92B22338F05500184885 /* KSMenuBarView.swift */ = {isa = PBXFileReference; fileEncoding = 4; lastKnownFileType = sourcecode.swift; path = KSMenuBarView.swift; sourceTree = "<group>"; };
		E61E92B32338F05500184885 /* KSPriceIndexView.swift */ = {isa = PBXFileReference; fileEncoding = 4; lastKnownFileType = sourcecode.swift; path = KSPriceIndexView.swift; sourceTree = "<group>"; };
		E61E92B42338F05500184885 /* KSTaiPickerView.swift */ = {isa = PBXFileReference; fileEncoding = 4; lastKnownFileType = sourcecode.swift; path = KSTaiPickerView.swift; sourceTree = "<group>"; };
		E61E92B52338F05500184885 /* KSTimePickerView.swift */ = {isa = PBXFileReference; fileEncoding = 4; lastKnownFileType = sourcecode.swift; path = KSTimePickerView.swift; sourceTree = "<group>"; };
		E61E92B62338F05500184885 /* KSTransactionBarView.swift */ = {isa = PBXFileReference; fileEncoding = 4; lastKnownFileType = sourcecode.swift; path = KSTransactionBarView.swift; sourceTree = "<group>"; };
		E61E92DB2338F0A700184885 /* KSImport.swift */ = {isa = PBXFileReference; fileEncoding = 4; lastKnownFileType = sourcecode.swift; path = KSImport.swift; sourceTree = "<group>"; };
		E61E92E02338F11D00184885 /* KSLineChartCell.swift */ = {isa = PBXFileReference; fileEncoding = 4; lastKnownFileType = sourcecode.swift; path = KSLineChartCell.swift; sourceTree = "<group>"; };
		E61E92E52338F46300184885 /* candles.txt */ = {isa = PBXFileReference; fileEncoding = 4; lastKnownFileType = text; path = candles.txt; sourceTree = "<group>"; };
		E61E92E62338F46300184885 /* depth.json */ = {isa = PBXFileReference; fileEncoding = 4; lastKnownFileType = text.json; path = depth.json; sourceTree = "<group>"; };
		E61E92E72338F46300184885 /* ethbtc.txt */ = {isa = PBXFileReference; fileEncoding = 4; lastKnownFileType = text; path = ethbtc.txt; sourceTree = "<group>"; };
		E61E92E82338F46300184885 /* ethbtc_minute.txt */ = {isa = PBXFileReference; fileEncoding = 4; lastKnownFileType = text; path = ethbtc_minute.txt; sourceTree = "<group>"; };
		E61E92E92338F46300184885 /* kLineForDay.json */ = {isa = PBXFileReference; fileEncoding = 4; lastKnownFileType = text.json; path = kLineForDay.json; sourceTree = "<group>"; };
		E61E92EA2338F46300184885 /* macddata.json */ = {isa = PBXFileReference; fileEncoding = 4; lastKnownFileType = text.json; path = macddata.json; sourceTree = "<group>"; };
		E61E92EB2338F46300184885 /* orderbook.txt */ = {isa = PBXFileReference; fileEncoding = 4; lastKnownFileType = text; path = orderbook.txt; sourceTree = "<group>"; };
		E61E92EC2338F46300184885 /* SZ300033.json */ = {isa = PBXFileReference; fileEncoding = 4; lastKnownFileType = text.json; path = SZ300033.json; sourceTree = "<group>"; };
		E61E92ED2338F46300184885 /* technical_indicators.txt */ = {isa = PBXFileReference; fileEncoding = 4; lastKnownFileType = text; path = technical_indicators.txt; sourceTree = "<group>"; };
		E61E92EE2338F46300184885 /* timeLineForDay.json */ = {isa = PBXFileReference; fileEncoding = 4; lastKnownFileType = text.json; path = timeLineForDay.json; sourceTree = "<group>"; };
		E61E92EF2338F46300184885 /* wonbtc.txt */ = {isa = PBXFileReference; fileEncoding = 4; lastKnownFileType = text; path = wonbtc.txt; sourceTree = "<group>"; };
		E61E92F02338F46300184885 /* wonbtc_kline.txt */ = {isa = PBXFileReference; fileEncoding = 4; lastKnownFileType = text; path = wonbtc_kline.txt; sourceTree = "<group>"; };
		E61E92F12338F46300184885 /* wonbtctrade.txt */ = {isa = PBXFileReference; fileEncoding = 4; lastKnownFileType = text; path = wonbtctrade.txt; sourceTree = "<group>"; };
		E622D1BA2339DDA700D233E0 /* KSChartStyles.swift */ = {isa = PBXFileReference; fileEncoding = 4; lastKnownFileType = sourcecode.swift; path = KSChartStyles.swift; sourceTree = "<group>"; };
		E622D1BC2339E06300D233E0 /* KSBinanceController.swift */ = {isa = PBXFileReference; lastKnownFileType = sourcecode.swift; path = KSBinanceController.swift; sourceTree = "<group>"; };
		E622D1BE2339F3C000D233E0 /* KSSeriesParam.swift */ = {isa = PBXFileReference; fileEncoding = 4; lastKnownFileType = sourcecode.swift; path = KSSeriesParam.swift; sourceTree = "<group>"; };
		E622D1C3233A224500D233E0 /* KSMyShareController.swift */ = {isa = PBXFileReference; lastKnownFileType = sourcecode.swift; path = KSMyShareController.swift; sourceTree = "<group>"; };
		E6AB6E4A238BEA5900C9BCF3 /* KSAxisModel.swift */ = {isa = PBXFileReference; fileEncoding = 4; lastKnownFileType = sourcecode.swift; path = KSAxisModel.swift; sourceTree = "<group>"; };
		E6AB6E4B238BEA5900C9BCF3 /* KSCalculator.swift */ = {isa = PBXFileReference; fileEncoding = 4; lastKnownFileType = sourcecode.swift; path = KSCalculator.swift; sourceTree = "<group>"; };
		E6AB6E4C238BEA5900C9BCF3 /* KSChartModel.swift */ = {isa = PBXFileReference; fileEncoding = 4; lastKnownFileType = sourcecode.swift; path = KSChartModel.swift; sourceTree = "<group>"; };
		E6AB6E4E238BEA5900C9BCF3 /* KSDepthChartView.swift */ = {isa = PBXFileReference; fileEncoding = 4; lastKnownFileType = sourcecode.swift; path = KSDepthChartView.swift; sourceTree = "<group>"; };
		E6AB6E4F238BEA5900C9BCF3 /* KSDynamicItem.swift */ = {isa = PBXFileReference; fileEncoding = 4; lastKnownFileType = sourcecode.swift; path = KSDynamicItem.swift; sourceTree = "<group>"; };
		E6AB6E50238BEA5900C9BCF3 /* KSExtension.swift */ = {isa = PBXFileReference; fileEncoding = 4; lastKnownFileType = sourcecode.swift; path = KSExtension.swift; sourceTree = "<group>"; };
		E6AB6E51238BEA5900C9BCF3 /* KSKLineChart.swift */ = {isa = PBXFileReference; fileEncoding = 4; lastKnownFileType = sourcecode.swift; path = KSKLineChart.swift; sourceTree = "<group>"; };
		E6AB6E52238BEA5900C9BCF3 /* KSKLineChartStyle.swift */ = {isa = PBXFileReference; fileEncoding = 4; lastKnownFileType = sourcecode.swift; path = KSKLineChartStyle.swift; sourceTree = "<group>"; };
		E6AB6E53238BEA5900C9BCF3 /* KSSection.swift */ = {isa = PBXFileReference; fileEncoding = 4; lastKnownFileType = sourcecode.swift; path = KSSection.swift; sourceTree = "<group>"; };
		E6AB6E54238BEA5900C9BCF3 /* KSSeries.swift */ = {isa = PBXFileReference; fileEncoding = 4; lastKnownFileType = sourcecode.swift; path = KSSeries.swift; sourceTree = "<group>"; };
		E6AB6E55238BEA5900C9BCF3 /* KSShapeLayer.swift */ = {isa = PBXFileReference; fileEncoding = 4; lastKnownFileType = sourcecode.swift; path = KSShapeLayer.swift; sourceTree = "<group>"; };
		E6AB6E57238BEA5900C9BCF3 /* KSBollModel.swift */ = {isa = PBXFileReference; fileEncoding = 4; lastKnownFileType = sourcecode.swift; path = KSBollModel.swift; sourceTree = "<group>"; };
		E6AB6E58238BEA5900C9BCF3 /* KSTimeChartModel.swift */ = {isa = PBXFileReference; fileEncoding = 4; lastKnownFileType = sourcecode.swift; path = KSTimeChartModel.swift; sourceTree = "<group>"; };
		E6AB6E5B238BEA5900C9BCF3 /* KSChartModel+Extensions.swift */ = {isa = PBXFileReference; fileEncoding = 4; lastKnownFileType = sourcecode.swift; path = "KSChartModel+Extensions.swift"; sourceTree = "<group>"; };
		E6AB6E5D238BEA5900C9BCF3 /* KSLineModel+Extensions.swift */ = {isa = PBXFileReference; fileEncoding = 4; lastKnownFileType = sourcecode.swift; path = "KSLineModel+Extensions.swift"; sourceTree = "<group>"; };
		E6AB6E5E238BEA5900C9BCF3 /* KSSection+Extensions.swift */ = {isa = PBXFileReference; fileEncoding = 4; lastKnownFileType = sourcecode.swift; path = "KSSection+Extensions.swift"; sourceTree = "<group>"; };
		E6AB6E5F238BEA5900C9BCF3 /* KSSeries+Extensions.swift */ = {isa = PBXFileReference; fileEncoding = 4; lastKnownFileType = sourcecode.swift; path = "KSSeries+Extensions.swift"; sourceTree = "<group>"; };
		E6AB6E61238BEA5900C9BCF3 /* CGFloat+KSExtensions.swift */ = {isa = PBXFileReference; fileEncoding = 4; lastKnownFileType = sourcecode.swift; path = "CGFloat+KSExtensions.swift"; sourceTree = "<group>"; };
		E6AB6E62238BEA5900C9BCF3 /* Date+KSExtensions.swift */ = {isa = PBXFileReference; fileEncoding = 4; lastKnownFileType = sourcecode.swift; path = "Date+KSExtensions.swift"; sourceTree = "<group>"; };
		E6AB6E63238BEA5900C9BCF3 /* Double+KSExtensions.swift */ = {isa = PBXFileReference; fileEncoding = 4; lastKnownFileType = sourcecode.swift; path = "Double+KSExtensions.swift"; sourceTree = "<group>"; };
		E6AB6E64238BEA5900C9BCF3 /* String+KSExtensions.swift */ = {isa = PBXFileReference; fileEncoding = 4; lastKnownFileType = sourcecode.swift; path = "String+KSExtensions.swift"; sourceTree = "<group>"; };
		E6AB6E65238BEA5900C9BCF3 /* UIColor+KSExtensions.swift */ = {isa = PBXFileReference; fileEncoding = 4; lastKnownFileType = sourcecode.swift; path = "UIColor+KSExtensions.swift"; sourceTree = "<group>"; };
		E6CF4D102423A1580029E29F /* 3songshu.txt */ = {isa = PBXFileReference; fileEncoding = 4; lastKnownFileType = text; path = 3songshu.txt; sourceTree = "<group>"; };
/* End PBXFileReference section */

/* Begin PBXFrameworksBuildPhase section */
		E61E91BB2338EE7C00184885 /* Frameworks */ = {
			isa = PBXFrameworksBuildPhase;
			buildActionMask = 2147483647;
			files = (
				7F77803D7FD2CD6AF58F828C /* Pods_ZeroShare.framework in Frameworks */,
			);
			runOnlyForDeploymentPostprocessing = 0;
		};
/* End PBXFrameworksBuildPhase section */

/* Begin PBXGroup section */
		DB9216E01DE6D773EDC0A9D6 /* Pods */ = {
			isa = PBXGroup;
			children = (
				976229B2BDF5A2CDC61A932A /* Pods-ZeroShare.debug.xcconfig */,
				078502BD5C7E716DD24FEE07 /* Pods-ZeroShare.release.xcconfig */,
			);
			path = Pods;
			sourceTree = "<group>";
		};
		E61E91B52338EE7C00184885 = {
			isa = PBXGroup;
			children = (
				E61E91C02338EE7C00184885 /* ZeroShare */,
				E61E91BF2338EE7C00184885 /* Products */,
				DB9216E01DE6D773EDC0A9D6 /* Pods */,
				F5C4009A4CBCB83E2D2FD989 /* Frameworks */,
			);
			sourceTree = "<group>";
		};
		E61E91BF2338EE7C00184885 /* Products */ = {
			isa = PBXGroup;
			children = (
				E61E91BE2338EE7C00184885 /* KSChart.app */,
			);
			name = Products;
			sourceTree = "<group>";
		};
		E61E91C02338EE7C00184885 /* ZeroShare */ = {
			isa = PBXGroup;
			children = (
				E61E92E32338F45700184885 /* Resources */,
				E61E91DB2338EEBC00184885 /* Scripts */,
				E61E91C52338EE7C00184885 /* Main.storyboard */,
				E61E91C82338EE7D00184885 /* Assets.xcassets */,
				E61E91CA2338EE7D00184885 /* LaunchScreen.storyboard */,
				E61E91CD2338EE7D00184885 /* Info.plist */,
			);
			path = ZeroShare;
			sourceTree = "<group>";
		};
		E61E91DB2338EEBC00184885 /* Scripts */ = {
			isa = PBXGroup;
			children = (
				E61E92752338F01700184885 /* Custom */,
				E61E91E62338F00F00184885 /* Library */,
				E61E91DD2338EECF00184885 /* Objectc */,
				E61E91DC2338EEC700184885 /* Classes */,
			);
			path = Scripts;
			sourceTree = "<group>";
		};
		E61E91DC2338EEC700184885 /* Classes */ = {
			isa = PBXGroup;
			children = (
				E61E91F02338F00F00184885 /* BaseClass */,
				E61E92792338F05500184885 /* Dashboard */,
				E61E92DD2338F10100184885 /* Main */,
			);
			path = Classes;
			sourceTree = "<group>";
		};
		E61E91DD2338EECF00184885 /* Objectc */ = {
			isa = PBXGroup;
			children = (
				E61E91DE2338EEE800184885 /* WebSocket */,
				E61E91E52338EF2F00184885 /* ZeroShare-Bridging-Header.h */,
			);
			path = Objectc;
			sourceTree = "<group>";
		};
		E61E91DE2338EEE800184885 /* WebSocket */ = {
			isa = PBXGroup;
			children = (
				E61E91DF2338EEE800184885 /* KSWebSocket.h */,
				E61E91E02338EEE800184885 /* KSWebSocket.m */,
				E61E91E12338EEE800184885 /* KSWebSocketConfigure.h */,
				E61E91E22338EEE800184885 /* KSWebSocketConfigure.m */,
			);
			path = WebSocket;
			sourceTree = "<group>";
		};
		E61E91E62338F00F00184885 /* Library */ = {
			isa = PBXGroup;
			children = (
				E6AB6E48238BEA5900C9BCF3 /* KSChart */,
				E61E91E72338F00F00184885 /* GDPerformanceMonitoring */,
			);
			path = Library;
			sourceTree = "<group>";
		};
		E61E91E72338F00F00184885 /* GDPerformanceMonitoring */ = {
			isa = PBXGroup;
			children = (
				E61E91E82338F00F00184885 /* LinkedFramesList.swift */,
				E61E91E92338F00F00184885 /* MarginLabel.swift */,
				E61E91EA2338F00F00184885 /* PerformanceMonitor.swift */,
				E61E91EB2338F00F00184885 /* PerformanceView.swift */,
				E61E91EC2338F00F00184885 /* PerformanceСalculator.swift */,
				E61E91ED2338F00F00184885 /* Protocols.swift */,
				E61E91EE2338F00F00184885 /* WindowViewController.swift */,
			);
			path = GDPerformanceMonitoring;
			sourceTree = "<group>";
		};
		E61E91F02338F00F00184885 /* BaseClass */ = {
			isa = PBXGroup;
			children = (
				E61E91F12338F00F00184885 /* Cell */,
				E61E91F32338F00F00184885 /* Controller */,
				E61E91F62338F00F00184885 /* View */,
			);
			path = BaseClass;
			sourceTree = "<group>";
		};
		E61E91F12338F00F00184885 /* Cell */ = {
			isa = PBXGroup;
			children = (
				E61E91F22338F00F00184885 /* KSBaseTableViewCell.swift */,
			);
			path = Cell;
			sourceTree = "<group>";
		};
		E61E91F32338F00F00184885 /* Controller */ = {
			isa = PBXGroup;
			children = (
				E61E91F42338F00F00184885 /* KSBaseNavigationController.swift */,
				E61E91F52338F00F00184885 /* KSBaseViewController.swift */,
			);
			path = Controller;
			sourceTree = "<group>";
		};
		E61E91F62338F00F00184885 /* View */ = {
			isa = PBXGroup;
			children = (
				E61E91F72338F00F00184885 /* KSBaseView.swift */,
				E61E91F82338F00F00184885 /* KSTableView.swift */,
			);
			path = View;
			sourceTree = "<group>";
		};
		E61E922E2338F00F00184885 /* Const */ = {
			isa = PBXGroup;
			children = (
				E61E922F2338F00F00184885 /* KSConstValue.swift */,
			);
			path = Const;
			sourceTree = "<group>";
		};
		E61E92322338F00F00184885 /* File */ = {
			isa = PBXGroup;
			children = (
				E61E92332338F00F00184885 /* KSFileMgr.swift */,
			);
			path = File;
			sourceTree = "<group>";
		};
		E61E92342338F00F00184885 /* Helpers */ = {
			isa = PBXGroup;
			children = (
				E61E92362338F00F00184885 /* KSSpeedy.swift */,
			);
			path = Helpers;
			sourceTree = "<group>";
		};
		E61E92752338F01700184885 /* Custom */ = {
			isa = PBXGroup;
			children = (
				E6697DC0238BE3B300CE9CA3 /* Extensions */,
				E61E922E2338F00F00184885 /* Const */,
				E6697D39238BDC5000CE9CA3 /* Configure */,
				E61E92342338F00F00184885 /* Helpers */,
				E61E92322338F00F00184885 /* File */,
				E6EF01E1238BADB700B96D5A /* ProExtensions */,
				E61E92DA2338F09C00184885 /* Import */,
				E61E92762338F01700184885 /* Network */,
			);
			path = Custom;
			sourceTree = "<group>";
		};
		E61E92762338F01700184885 /* Network */ = {
			isa = PBXGroup;
			children = (
				E61E92772338F01700184885 /* KSApi.swift */,
			);
			path = Network;
			sourceTree = "<group>";
		};
		E61E92792338F05500184885 /* Dashboard */ = {
			isa = PBXGroup;
			children = (
				E61E927A2338F05500184885 /* Childs */,
				E61E92882338F05500184885 /* Custom */,
				E61E929B2338F05500184885 /* Main */,
			);
			path = Dashboard;
			sourceTree = "<group>";
		};
		E61E927A2338F05500184885 /* Childs */ = {
			isa = PBXGroup;
			children = (
				E61E927B2338F05500184885 /* MarketTrade */,
				E61E92832338F05500184885 /* OrderBook */,
			);
			path = Childs;
			sourceTree = "<group>";
		};
		E61E927B2338F05500184885 /* MarketTrade */ = {
			isa = PBXGroup;
			children = (
				E61E927C2338F05500184885 /* Cell */,
				E61E927E2338F05500184885 /* Controller */,
				E61E92812338F05500184885 /* Model */,
			);
			path = MarketTrade;
			sourceTree = "<group>";
		};
		E61E927C2338F05500184885 /* Cell */ = {
			isa = PBXGroup;
			children = (
				E61E927D2338F05500184885 /* KSMarketTradeCell.swift */,
			);
			path = Cell;
			sourceTree = "<group>";
		};
		E61E927E2338F05500184885 /* Controller */ = {
			isa = PBXGroup;
			children = (
				E61E927F2338F05500184885 /* KSDashboardChildController.swift */,
				E61E92802338F05500184885 /* KSMarketTradeController.swift */,
			);
			path = Controller;
			sourceTree = "<group>";
		};
		E61E92812338F05500184885 /* Model */ = {
			isa = PBXGroup;
			children = (
				E61E92822338F05500184885 /* KSTradeDetail.swift */,
			);
			path = Model;
			sourceTree = "<group>";
		};
		E61E92832338F05500184885 /* OrderBook */ = {
			isa = PBXGroup;
			children = (
				E61E92842338F05500184885 /* Cell */,
				E61E92862338F05500184885 /* Controller */,
			);
			path = OrderBook;
			sourceTree = "<group>";
		};
		E61E92842338F05500184885 /* Cell */ = {
			isa = PBXGroup;
			children = (
				E61E92852338F05500184885 /* KSOrderBookCell.swift */,
			);
			path = Cell;
			sourceTree = "<group>";
		};
		E61E92862338F05500184885 /* Controller */ = {
			isa = PBXGroup;
			children = (
				E61E92872338F05500184885 /* KSOrderBookController.swift */,
			);
			path = Controller;
			sourceTree = "<group>";
		};
		E61E92882338F05500184885 /* Custom */ = {
			isa = PBXGroup;
			children = (
				E61E92892338F05500184885 /* Kit */,
				E61E92942338F05500184885 /* Tools */,
			);
			path = Custom;
			sourceTree = "<group>";
		};
		E61E92892338F05500184885 /* Kit */ = {
			isa = PBXGroup;
			children = (
				E61E928A2338F05500184885 /* DoubleLabel */,
				E61E928C2338F05500184885 /* ImgBtn */,
				E61E928E2338F05500184885 /* ListMenu */,
				E61E92902338F05500184885 /* PageBtn */,
				E61E92922338F05500184885 /* TwinsLabel */,
			);
			path = Kit;
			sourceTree = "<group>";
		};
		E61E928A2338F05500184885 /* DoubleLabel */ = {
			isa = PBXGroup;
			children = (
				E61E928B2338F05500184885 /* KSDoubleLabelView.swift */,
			);
			path = DoubleLabel;
			sourceTree = "<group>";
		};
		E61E928C2338F05500184885 /* ImgBtn */ = {
			isa = PBXGroup;
			children = (
				E61E928D2338F05500184885 /* KSButton.swift */,
			);
			path = ImgBtn;
			sourceTree = "<group>";
		};
		E61E928E2338F05500184885 /* ListMenu */ = {
			isa = PBXGroup;
			children = (
				E61E928F2338F05500184885 /* KSListMenuView.swift */,
			);
			path = ListMenu;
			sourceTree = "<group>";
		};
		E61E92902338F05500184885 /* PageBtn */ = {
			isa = PBXGroup;
			children = (
				E61E92912338F05500184885 /* KSPageButton.swift */,
			);
			path = PageBtn;
			sourceTree = "<group>";
		};
		E61E92922338F05500184885 /* TwinsLabel */ = {
			isa = PBXGroup;
			children = (
				E61E92932338F05500184885 /* KSTwinsLabelView.swift */,
			);
			path = TwinsLabel;
			sourceTree = "<group>";
		};
		E61E92942338F05500184885 /* Tools */ = {
			isa = PBXGroup;
			children = (
				E61E92952338F05500184885 /* Localizable */,
				E61E92972338F05500184885 /* Network */,
				E61E92992338F05500184885 /* Singleton */,
			);
			path = Tools;
			sourceTree = "<group>";
		};
		E61E92952338F05500184885 /* Localizable */ = {
			isa = PBXGroup;
			children = (
				E61E92962338F05500184885 /* KSLanguageHelper.swift */,
			);
			path = Localizable;
			sourceTree = "<group>";
		};
		E61E92972338F05500184885 /* Network */ = {
			isa = PBXGroup;
			children = (
				E61E92982338F05500184885 /* ASNetManager.swift */,
			);
			path = Network;
			sourceTree = "<group>";
		};
		E61E92992338F05500184885 /* Singleton */ = {
			isa = PBXGroup;
			children = (
				E61E929A2338F05500184885 /* KSSingleton.swift */,
			);
			path = Singleton;
			sourceTree = "<group>";
		};
		E61E929B2338F05500184885 /* Main */ = {
			isa = PBXGroup;
			children = (
				E61E929C2338F05500184885 /* Controller */,
				E61E929E2338F05500184885 /* Model */,
				E61E92A42338F05500184885 /* Request */,
				E61E92A62338F05500184885 /* View */,
			);
			path = Main;
			sourceTree = "<group>";
		};
		E61E929C2338F05500184885 /* Controller */ = {
			isa = PBXGroup;
			children = (
				E61E929D2338F05500184885 /* KSDashboardController.swift */,
				E622D1BC2339E06300D233E0 /* KSBinanceController.swift */,
				E622D1C3233A224500D233E0 /* KSMyShareController.swift */,
			);
			path = Controller;
			sourceTree = "<group>";
		};
		E61E929E2338F05500184885 /* Model */ = {
			isa = PBXGroup;
			children = (
				E61E92A02338F05500184885 /* KSDashboardConfigure.swift */,
				E61E92A12338F05500184885 /* KSIndexConfigure.swift */,
				E61E92A22338F05500184885 /* KSSocketMsgMgr.swift */,
				E61E92A32338F05500184885 /* KSSummaryInfo.swift */,
			);
			path = Model;
			sourceTree = "<group>";
		};
		E61E92A42338F05500184885 /* Request */ = {
			isa = PBXGroup;
			children = (
				E61E92A52338F05500184885 /* KSDashboardRequest.swift */,
			);
			path = Request;
			sourceTree = "<group>";
		};
		E61E92A62338F05500184885 /* View */ = {
			isa = PBXGroup;
			children = (
				E61E92AA2338F05500184885 /* MainChart */,
				E622D1C0233A210F00D233E0 /* Other */,
				E61E92A72338F05500184885 /* HorizontalChart */,
			);
			path = View;
			sourceTree = "<group>";
		};
		E61E92A72338F05500184885 /* HorizontalChart */ = {
			isa = PBXGroup;
			children = (
				E61E92A82338F05500184885 /* KSChartHorizontalView.swift */,
				E61E92A92338F05500184885 /* KSVerticalMenuView.swift */,
			);
			path = HorizontalChart;
			sourceTree = "<group>";
		};
		E61E92AA2338F05500184885 /* MainChart */ = {
			isa = PBXGroup;
			children = (
				E61E92B02338F05500184885 /* KSHeaderChartView.swift */,
				E61E92B12338F05500184885 /* KSKChartView.swift */,
				E61E92AB2338F05500184885 /* KSBubbleMenuView.swift */,
				E61E92AC2338F05500184885 /* KSChartFuncsView.swift */,
				E61E92AD2338F05500184885 /* KSChartIndexView.swift */,
				E61E92AE2338F05500184885 /* KSChartMenuCell.swift */,
				E61E92AF2338F05500184885 /* KSChartValueView.swift */,
				E61E92B22338F05500184885 /* KSMenuBarView.swift */,
				E61E92B32338F05500184885 /* KSPriceIndexView.swift */,
				E61E92B42338F05500184885 /* KSTaiPickerView.swift */,
				E61E92B52338F05500184885 /* KSTimePickerView.swift */,
				E61E92B62338F05500184885 /* KSTransactionBarView.swift */,
			);
			path = MainChart;
			sourceTree = "<group>";
		};
		E61E92DA2338F09C00184885 /* Import */ = {
			isa = PBXGroup;
			children = (
				E61E92DB2338F0A700184885 /* KSImport.swift */,
			);
			path = Import;
			sourceTree = "<group>";
		};
		E61E92DD2338F10100184885 /* Main */ = {
			isa = PBXGroup;
			children = (
				E61E92E22338F12700184885 /* AppDelegate */,
				E61E92DF2338F11D00184885 /* Cell */,
				E61E92DE2338F10B00184885 /* Controller */,
			);
			path = Main;
			sourceTree = "<group>";
		};
		E61E92DE2338F10B00184885 /* Controller */ = {
			isa = PBXGroup;
			children = (
				E61E91C32338EE7C00184885 /* ViewController.swift */,
			);
			path = Controller;
			sourceTree = "<group>";
		};
		E61E92DF2338F11D00184885 /* Cell */ = {
			isa = PBXGroup;
			children = (
				E61E92E02338F11D00184885 /* KSLineChartCell.swift */,
			);
			path = Cell;
			sourceTree = "<group>";
		};
		E61E92E22338F12700184885 /* AppDelegate */ = {
			isa = PBXGroup;
			children = (
				E61E91C12338EE7C00184885 /* AppDelegate.swift */,
			);
			path = AppDelegate;
			sourceTree = "<group>";
		};
		E61E92E32338F45700184885 /* Resources */ = {
			isa = PBXGroup;
			children = (
				E61E92FF2338F46F00184885 /* Localizable */,
				E61E92E42338F46300184885 /* Files */,
			);
			path = Resources;
			sourceTree = "<group>";
		};
		E61E92E42338F46300184885 /* Files */ = {
			isa = PBXGroup;
			children = (
				E6CF4D102423A1580029E29F /* 3songshu.txt */,
				E61E92E52338F46300184885 /* candles.txt */,
				E61E92E62338F46300184885 /* depth.json */,
				E61E92E72338F46300184885 /* ethbtc.txt */,
				E61E92E82338F46300184885 /* ethbtc_minute.txt */,
				E61E92E92338F46300184885 /* kLineForDay.json */,
				E61E92EA2338F46300184885 /* macddata.json */,
				E61E92EB2338F46300184885 /* orderbook.txt */,
				E61E92EC2338F46300184885 /* SZ300033.json */,
				E61E92ED2338F46300184885 /* technical_indicators.txt */,
				E61E92EE2338F46300184885 /* timeLineForDay.json */,
				E61E92EF2338F46300184885 /* wonbtc.txt */,
				E61E92F02338F46300184885 /* wonbtc_kline.txt */,
				E61E92F12338F46300184885 /* wonbtctrade.txt */,
			);
			path = Files;
			sourceTree = "<group>";
		};
		E61E92FF2338F46F00184885 /* Localizable */ = {
			isa = PBXGroup;
			children = (
				E61E91D92338EEA600184885 /* Localizable.strings */,
			);
			path = Localizable;
			sourceTree = "<group>";
		};
		E622D1C0233A210F00D233E0 /* Other */ = {
			isa = PBXGroup;
			children = (
			);
			path = Other;
			sourceTree = "<group>";
		};
		E6697D39238BDC5000CE9CA3 /* Configure */ = {
			isa = PBXGroup;
			children = (
				E622D1BA2339DDA700D233E0 /* KSChartStyles.swift */,
				E622D1BE2339F3C000D233E0 /* KSSeriesParam.swift */,
				E61E92072338F00F00184885 /* KSChartConfigure.swift */,
			);
			path = Configure;
			sourceTree = "<group>";
		};
		E6697DC0238BE3B300CE9CA3 /* Extensions */ = {
			isa = PBXGroup;
			children = (
				E61E921D2338F00F00184885 /* NSDecimalNumber+KSExtensions.swift */,
				E61E921E2338F00F00184885 /* NSObject+KSExtensions.swift */,
				E61E92202338F00F00184885 /* UIButton+KSExtensions.swift */,
				E61E92212338F00F00184885 /* UIImage+KSExtensions.swift */,
				E61E92222338F00F00184885 /* UILabel+KSExtensions.swift */,
				E61E92242338F00F00184885 /* UIViewController+KSExtensions.swift */,
			);
			path = Extensions;
			sourceTree = "<group>";
		};
		E6AB6E48238BEA5900C9BCF3 /* KSChart */ = {
			isa = PBXGroup;
			children = (
				E6AB6E49238BEA5900C9BCF3 /* Chart */,
				E6AB6E56238BEA5900C9BCF3 /* CustomModel */,
				E6AB6E59238BEA5900C9BCF3 /* Extensions */,
			);
			name = KSChart;
			path = ../../../../KSChart;
			sourceTree = "<group>";
		};
		E6AB6E49238BEA5900C9BCF3 /* Chart */ = {
			isa = PBXGroup;
			children = (
				E61E92102338F00F00184885 /* KSZeroChartView.swift */,
				E6AB6E4A238BEA5900C9BCF3 /* KSAxisModel.swift */,
				E6AB6E4B238BEA5900C9BCF3 /* KSCalculator.swift */,
				E6AB6E4C238BEA5900C9BCF3 /* KSChartModel.swift */,
				E6AB6E4E238BEA5900C9BCF3 /* KSDepthChartView.swift */,
				E6AB6E4F238BEA5900C9BCF3 /* KSDynamicItem.swift */,
				E6AB6E50238BEA5900C9BCF3 /* KSExtension.swift */,
				E6AB6E51238BEA5900C9BCF3 /* KSKLineChart.swift */,
				E6AB6E52238BEA5900C9BCF3 /* KSKLineChartStyle.swift */,
				E6AB6E53238BEA5900C9BCF3 /* KSSection.swift */,
				E6AB6E54238BEA5900C9BCF3 /* KSSeries.swift */,
				E6AB6E55238BEA5900C9BCF3 /* KSShapeLayer.swift */,
			);
			path = Chart;
			sourceTree = "<group>";
		};
		E6AB6E56238BEA5900C9BCF3 /* CustomModel */ = {
			isa = PBXGroup;
			children = (
				E6AB6E57238BEA5900C9BCF3 /* KSBollModel.swift */,
				E6AB6E58238BEA5900C9BCF3 /* KSTimeChartModel.swift */,
			);
			path = CustomModel;
			sourceTree = "<group>";
		};
		E6AB6E59238BEA5900C9BCF3 /* Extensions */ = {
			isa = PBXGroup;
			children = (
				E6AB6E5A238BEA5900C9BCF3 /* ChartExtensions */,
				E6AB6E60238BEA5900C9BCF3 /* ShareExtensions */,
			);
			path = Extensions;
			sourceTree = "<group>";
		};
		E6AB6E5A238BEA5900C9BCF3 /* ChartExtensions */ = {
			isa = PBXGroup;
			children = (
				E6AB6E5B238BEA5900C9BCF3 /* KSChartModel+Extensions.swift */,
				E6AB6E5D238BEA5900C9BCF3 /* KSLineModel+Extensions.swift */,
				E6AB6E5E238BEA5900C9BCF3 /* KSSection+Extensions.swift */,
				E6AB6E5F238BEA5900C9BCF3 /* KSSeries+Extensions.swift */,
			);
			path = ChartExtensions;
			sourceTree = "<group>";
		};
		E6AB6E60238BEA5900C9BCF3 /* ShareExtensions */ = {
			isa = PBXGroup;
			children = (
				E6AB6E61238BEA5900C9BCF3 /* CGFloat+KSExtensions.swift */,
				E6AB6E62238BEA5900C9BCF3 /* Date+KSExtensions.swift */,
				E6AB6E63238BEA5900C9BCF3 /* Double+KSExtensions.swift */,
				E6AB6E64238BEA5900C9BCF3 /* String+KSExtensions.swift */,
				E6AB6E65238BEA5900C9BCF3 /* UIColor+KSExtensions.swift */,
			);
			path = ShareExtensions;
			sourceTree = "<group>";
		};
		E6EF01E1238BADB700B96D5A /* ProExtensions */ = {
			isa = PBXGroup;
			children = (
				E61E921C2338F00F00184885 /* KSBaseViewController+Extensions.swift */,
				E61E92142338F00F00184885 /* KSChartItem+Extensions.swift */,
				E61E92232338F00F00184885 /* UIView+KSExtensions.swift */,
			);
			path = ProExtensions;
			sourceTree = "<group>";
		};
		F5C4009A4CBCB83E2D2FD989 /* Frameworks */ = {
			isa = PBXGroup;
			children = (
				C770F7DE7EBA95D21074E78E /* Pods_ZeroShare.framework */,
			);
			name = Frameworks;
			sourceTree = "<group>";
		};
/* End PBXGroup section */

/* Begin PBXNativeTarget section */
		E61E91BD2338EE7C00184885 /* ZeroShare */ = {
			isa = PBXNativeTarget;
			buildConfigurationList = E61E91D02338EE7D00184885 /* Build configuration list for PBXNativeTarget "ZeroShare" */;
			buildPhases = (
				23DEF951AA44E668C576B9F3 /* [CP] Check Pods Manifest.lock */,
				E61E91BA2338EE7C00184885 /* Sources */,
				E61E91BB2338EE7C00184885 /* Frameworks */,
				E61E91BC2338EE7C00184885 /* Resources */,
				A8590F9ECB2928D026F17C93 /* [CP] Embed Pods Frameworks */,
			);
			buildRules = (
			);
			dependencies = (
			);
			name = ZeroShare;
			productName = ZeroShare;
			productReference = E61E91BE2338EE7C00184885 /* KSChart.app */;
			productType = "com.apple.product-type.application";
		};
/* End PBXNativeTarget section */

/* Begin PBXProject section */
		E61E91B62338EE7C00184885 /* Project object */ = {
			isa = PBXProject;
			attributes = {
				LastSwiftUpdateCheck = 1020;
				LastUpgradeCheck = 1020;
				ORGANIZATIONNAME = saeipi;
				TargetAttributes = {
					E61E91BD2338EE7C00184885 = {
						CreatedOnToolsVersion = 10.2.1;
					};
				};
			};
			buildConfigurationList = E61E91B92338EE7C00184885 /* Build configuration list for PBXProject "ZeroShare" */;
			compatibilityVersion = "Xcode 9.3";
			developmentRegion = en;
			hasScannedForEncodings = 0;
			knownRegions = (
				en,
				Base,
				"zh-Hant",
			);
			mainGroup = E61E91B52338EE7C00184885;
			productRefGroup = E61E91BF2338EE7C00184885 /* Products */;
			projectDirPath = "";
			projectRoot = "";
			targets = (
				E61E91BD2338EE7C00184885 /* ZeroShare */,
			);
		};
/* End PBXProject section */

/* Begin PBXResourcesBuildPhase section */
		E61E91BC2338EE7C00184885 /* Resources */ = {
			isa = PBXResourcesBuildPhase;
			buildActionMask = 2147483647;
			files = (
				E61E91CC2338EE7D00184885 /* LaunchScreen.storyboard in Resources */,
				E61E92FB2338F46300184885 /* timeLineForDay.json in Resources */,
				E61E92F32338F46300184885 /* depth.json in Resources */,
				E61E92F72338F46300184885 /* macddata.json in Resources */,
				E61E92FC2338F46300184885 /* wonbtc.txt in Resources */,
				E61E92F92338F46300184885 /* SZ300033.json in Resources */,
				E61E92F52338F46300184885 /* ethbtc_minute.txt in Resources */,
				E61E91D72338EEA600184885 /* Localizable.strings in Resources */,
				E61E92F22338F46300184885 /* candles.txt in Resources */,
				E61E92F42338F46300184885 /* ethbtc.txt in Resources */,
				E61E92F62338F46300184885 /* kLineForDay.json in Resources */,
				E61E92FE2338F46300184885 /* wonbtctrade.txt in Resources */,
				E6CF4D112423A1580029E29F /* 3songshu.txt in Resources */,
				E61E91C92338EE7D00184885 /* Assets.xcassets in Resources */,
				E61E92F82338F46300184885 /* orderbook.txt in Resources */,
				E61E92FD2338F46300184885 /* wonbtc_kline.txt in Resources */,
				E61E92FA2338F46300184885 /* technical_indicators.txt in Resources */,
				E61E91C72338EE7C00184885 /* Main.storyboard in Resources */,
			);
			runOnlyForDeploymentPostprocessing = 0;
		};
/* End PBXResourcesBuildPhase section */

/* Begin PBXShellScriptBuildPhase section */
		23DEF951AA44E668C576B9F3 /* [CP] Check Pods Manifest.lock */ = {
			isa = PBXShellScriptBuildPhase;
			buildActionMask = 2147483647;
			files = (
			);
			inputFileListPaths = (
			);
			inputPaths = (
				"${PODS_PODFILE_DIR_PATH}/Podfile.lock",
				"${PODS_ROOT}/Manifest.lock",
			);
			name = "[CP] Check Pods Manifest.lock";
			outputFileListPaths = (
			);
			outputPaths = (
				"$(DERIVED_FILE_DIR)/Pods-ZeroShare-checkManifestLockResult.txt",
			);
			runOnlyForDeploymentPostprocessing = 0;
			shellPath = /bin/sh;
			shellScript = "diff \"${PODS_PODFILE_DIR_PATH}/Podfile.lock\" \"${PODS_ROOT}/Manifest.lock\" > /dev/null\nif [ $? != 0 ] ; then\n    # print error to STDERR\n    echo \"error: The sandbox is not in sync with the Podfile.lock. Run 'pod install' or update your CocoaPods installation.\" >&2\n    exit 1\nfi\n# This output is used by Xcode 'outputs' to avoid re-running this script phase.\necho \"SUCCESS\" > \"${SCRIPT_OUTPUT_FILE_0}\"\n";
			showEnvVarsInLog = 0;
		};
		A8590F9ECB2928D026F17C93 /* [CP] Embed Pods Frameworks */ = {
			isa = PBXShellScriptBuildPhase;
			buildActionMask = 2147483647;
			files = (
			);
			inputFileListPaths = (
				"${PODS_ROOT}/Target Support Files/Pods-ZeroShare/Pods-ZeroShare-frameworks-${CONFIGURATION}-input-files.xcfilelist",
			);
			name = "[CP] Embed Pods Frameworks";
			outputFileListPaths = (
				"${PODS_ROOT}/Target Support Files/Pods-ZeroShare/Pods-ZeroShare-frameworks-${CONFIGURATION}-output-files.xcfilelist",
			);
			runOnlyForDeploymentPostprocessing = 0;
			shellPath = /bin/sh;
			shellScript = "\"${PODS_ROOT}/Target Support Files/Pods-ZeroShare/Pods-ZeroShare-frameworks.sh\"\n";
			showEnvVarsInLog = 0;
		};
/* End PBXShellScriptBuildPhase section */

/* Begin PBXSourcesBuildPhase section */
		E61E91BA2338EE7C00184885 /* Sources */ = {
			isa = PBXSourcesBuildPhase;
			buildActionMask = 2147483647;
			files = (
				E61E92CD2338F05500184885 /* KSVerticalMenuView.swift in Sources */,
				E61E92B72338F05500184885 /* KSMarketTradeCell.swift in Sources */,
				E61E92C72338F05500184885 /* KSDashboardConfigure.swift in Sources */,
				E6AB6E74238BEA5900C9BCF3 /* KSChartModel+Extensions.swift in Sources */,
				E61E92D02338F05500184885 /* KSChartIndexView.swift in Sources */,
				E61E923B2338F00F00184885 /* MarginLabel.swift in Sources */,
				E61E92662338F00F00184885 /* UIImage+KSExtensions.swift in Sources */,
				E61E92632338F00F00184885 /* NSObject+KSExtensions.swift in Sources */,
				E6AB6E70238BEA5900C9BCF3 /* KSSeries.swift in Sources */,
				E61E92442338F00F00184885 /* KSBaseView.swift in Sources */,
				E6AB6E7D238BEA5900C9BCF3 /* UIColor+KSExtensions.swift in Sources */,
				E61E92622338F00F00184885 /* NSDecimalNumber+KSExtensions.swift in Sources */,
				E6AB6E73238BEA5900C9BCF3 /* KSTimeChartModel.swift in Sources */,
				E6AB6E68238BEA5900C9BCF3 /* KSChartModel.swift in Sources */,
				E61E92E12338F11D00184885 /* KSLineChartCell.swift in Sources */,
				E61E92C42338F05500184885 /* KSSingleton.swift in Sources */,
				E61E92C82338F05500184885 /* KSIndexConfigure.swift in Sources */,
				E6AB6E67238BEA5900C9BCF3 /* KSCalculator.swift in Sources */,
				E61E92D12338F05500184885 /* KSChartMenuCell.swift in Sources */,
				E61E92CC2338F05500184885 /* KSChartHorizontalView.swift in Sources */,
				E61E92682338F00F00184885 /* UIView+KSExtensions.swift in Sources */,
				E61E92BD2338F05500184885 /* KSDoubleLabelView.swift in Sources */,
				E61E92BB2338F05500184885 /* KSOrderBookCell.swift in Sources */,
				E6AB6E78238BEA5900C9BCF3 /* KSSeries+Extensions.swift in Sources */,
				E6AB6E6B238BEA5900C9BCF3 /* KSDynamicItem.swift in Sources */,
				E622D1BB2339DDA700D233E0 /* KSChartStyles.swift in Sources */,
				E61E92BF2338F05500184885 /* KSListMenuView.swift in Sources */,
				E61E92692338F00F00184885 /* UIViewController+KSExtensions.swift in Sources */,
				E61E92D82338F05500184885 /* KSTimePickerView.swift in Sources */,
				E61E923A2338F00F00184885 /* LinkedFramesList.swift in Sources */,
				E61E92612338F00F00184885 /* KSBaseViewController+Extensions.swift in Sources */,
				E6AB6E7B238BEA5900C9BCF3 /* Double+KSExtensions.swift in Sources */,
				E61E92C02338F05500184885 /* KSPageButton.swift in Sources */,
				E6AB6E66238BEA5900C9BCF3 /* KSAxisModel.swift in Sources */,
				E61E91E42338EEE800184885 /* KSWebSocketConfigure.m in Sources */,
				E61E92C12338F05500184885 /* KSTwinsLabelView.swift in Sources */,
				E61E92432338F00F00184885 /* KSBaseViewController.swift in Sources */,
				E6AB6E6D238BEA5900C9BCF3 /* KSKLineChart.swift in Sources */,
				E61E91E32338EEE800184885 /* KSWebSocket.m in Sources */,
				E61E92B82338F05500184885 /* KSDashboardChildController.swift in Sources */,
				E61E92722338F00F00184885 /* KSSpeedy.swift in Sources */,
				E61E92D22338F05500184885 /* KSChartValueView.swift in Sources */,
				E6AB6E7A238BEA5900C9BCF3 /* Date+KSExtensions.swift in Sources */,
				E61E92782338F01700184885 /* KSApi.swift in Sources */,
				E61E92412338F00F00184885 /* KSBaseTableViewCell.swift in Sources */,
				E6AB6E76238BEA5900C9BCF3 /* KSLineModel+Extensions.swift in Sources */,
				E61E92C22338F05500184885 /* KSLanguageHelper.swift in Sources */,
				E61E92582338F00F00184885 /* KSZeroChartView.swift in Sources */,
				E61E92D52338F05500184885 /* KSMenuBarView.swift in Sources */,
				E61E925A2338F00F00184885 /* KSChartItem+Extensions.swift in Sources */,
				E61E92D62338F05500184885 /* KSPriceIndexView.swift in Sources */,
				E61E92702338F00F00184885 /* KSFileMgr.swift in Sources */,
				E61E91C42338EE7C00184885 /* ViewController.swift in Sources */,
				E61E92CF2338F05500184885 /* KSChartFuncsView.swift in Sources */,
				E622D1C4233A224500D233E0 /* KSMyShareController.swift in Sources */,
				E61E92CE2338F05500184885 /* KSBubbleMenuView.swift in Sources */,
				E61E92C92338F05500184885 /* KSSocketMsgMgr.swift in Sources */,
				E61E92402338F00F00184885 /* WindowViewController.swift in Sources */,
				E622D1BF2339F3C000D233E0 /* KSSeriesParam.swift in Sources */,
				E61E92422338F00F00184885 /* KSBaseNavigationController.swift in Sources */,
				E61E923F2338F00F00184885 /* Protocols.swift in Sources */,
				E61E92C32338F05500184885 /* ASNetManager.swift in Sources */,
				E6AB6E6C238BEA5900C9BCF3 /* KSExtension.swift in Sources */,
				E61E923D2338F00F00184885 /* PerformanceView.swift in Sources */,
				E61E92CA2338F05500184885 /* KSSummaryInfo.swift in Sources */,
				E61E92D92338F05500184885 /* KSTransactionBarView.swift in Sources */,
				E622D1BD2339E06300D233E0 /* KSBinanceController.swift in Sources */,
				E61E92C52338F05500184885 /* KSDashboardController.swift in Sources */,
				E61E92DC2338F0A700184885 /* KSImport.swift in Sources */,
				E61E92522338F00F00184885 /* KSChartConfigure.swift in Sources */,
				E6AB6E7C238BEA5900C9BCF3 /* String+KSExtensions.swift in Sources */,
				E61E92CB2338F05500184885 /* KSDashboardRequest.swift in Sources */,
				E61E92672338F00F00184885 /* UILabel+KSExtensions.swift in Sources */,
				E61E92B92338F05500184885 /* KSMarketTradeController.swift in Sources */,
				E61E923E2338F00F00184885 /* PerformanceСalculator.swift in Sources */,
				E6AB6E72238BEA5900C9BCF3 /* KSBollModel.swift in Sources */,
				E6AB6E6E238BEA5900C9BCF3 /* KSKLineChartStyle.swift in Sources */,
				E61E92D72338F05500184885 /* KSTaiPickerView.swift in Sources */,
				E6AB6E6A238BEA5900C9BCF3 /* KSDepthChartView.swift in Sources */,
				E61E92452338F00F00184885 /* KSTableView.swift in Sources */,
				E6AB6E6F238BEA5900C9BCF3 /* KSSection.swift in Sources */,
				E61E92D32338F05500184885 /* KSHeaderChartView.swift in Sources */,
				E61E923C2338F00F00184885 /* PerformanceMonitor.swift in Sources */,
				E61E92BE2338F05500184885 /* KSButton.swift in Sources */,
				E61E92652338F00F00184885 /* UIButton+KSExtensions.swift in Sources */,
				E61E92BA2338F05500184885 /* KSTradeDetail.swift in Sources */,
				E61E91C22338EE7C00184885 /* AppDelegate.swift in Sources */,
				E61E92D42338F05500184885 /* KSKChartView.swift in Sources */,
				E6AB6E77238BEA5900C9BCF3 /* KSSection+Extensions.swift in Sources */,
				E6AB6E71238BEA5900C9BCF3 /* KSShapeLayer.swift in Sources */,
				E61E92BC2338F05500184885 /* KSOrderBookController.swift in Sources */,
				E6AB6E79238BEA5900C9BCF3 /* CGFloat+KSExtensions.swift in Sources */,
				E61E926E2338F00F00184885 /* KSConstValue.swift in Sources */,
			);
			runOnlyForDeploymentPostprocessing = 0;
		};
/* End PBXSourcesBuildPhase section */

/* Begin PBXVariantGroup section */
		E61E91C52338EE7C00184885 /* Main.storyboard */ = {
			isa = PBXVariantGroup;
			children = (
				E61E91C62338EE7C00184885 /* Base */,
				E61E91D32338EE8800184885 /* zh-Hant */,
			);
			name = Main.storyboard;
			sourceTree = "<group>";
		};
		E61E91CA2338EE7D00184885 /* LaunchScreen.storyboard */ = {
			isa = PBXVariantGroup;
			children = (
				E61E91CB2338EE7D00184885 /* Base */,
				E61E91D42338EE8800184885 /* zh-Hant */,
			);
			name = LaunchScreen.storyboard;
			sourceTree = "<group>";
		};
		E61E91D92338EEA600184885 /* Localizable.strings */ = {
			isa = PBXVariantGroup;
			children = (
				E61E91D82338EEA600184885 /* zh-Hant */,
				E61E91DA2338EEAA00184885 /* en */,
			);
			name = Localizable.strings;
			sourceTree = "<group>";
		};
/* End PBXVariantGroup section */

/* Begin XCBuildConfiguration section */
		E61E91CE2338EE7D00184885 /* Debug */ = {
			isa = XCBuildConfiguration;
			buildSettings = {
				ALWAYS_SEARCH_USER_PATHS = NO;
				CLANG_ANALYZER_LOCALIZABILITY_NONLOCALIZED = YES;
				CLANG_ANALYZER_NONNULL = YES;
				CLANG_ANALYZER_NUMBER_OBJECT_CONVERSION = YES_AGGRESSIVE;
				CLANG_CXX_LANGUAGE_STANDARD = "gnu++14";
				CLANG_CXX_LIBRARY = "libc++";
				CLANG_ENABLE_MODULES = YES;
				CLANG_ENABLE_OBJC_ARC = YES;
				CLANG_ENABLE_OBJC_WEAK = YES;
				CLANG_WARN_BLOCK_CAPTURE_AUTORELEASING = YES;
				CLANG_WARN_BOOL_CONVERSION = YES;
				CLANG_WARN_COMMA = YES;
				CLANG_WARN_CONSTANT_CONVERSION = YES;
				CLANG_WARN_DEPRECATED_OBJC_IMPLEMENTATIONS = YES;
				CLANG_WARN_DIRECT_OBJC_ISA_USAGE = YES_ERROR;
				CLANG_WARN_DOCUMENTATION_COMMENTS = YES;
				CLANG_WARN_EMPTY_BODY = YES;
				CLANG_WARN_ENUM_CONVERSION = YES;
				CLANG_WARN_INFINITE_RECURSION = YES;
				CLANG_WARN_INT_CONVERSION = YES;
				CLANG_WARN_NON_LITERAL_NULL_CONVERSION = YES;
				CLANG_WARN_OBJC_IMPLICIT_RETAIN_SELF = YES;
				CLANG_WARN_OBJC_LITERAL_CONVERSION = YES;
				CLANG_WARN_OBJC_ROOT_CLASS = YES_ERROR;
				CLANG_WARN_RANGE_LOOP_ANALYSIS = YES;
				CLANG_WARN_STRICT_PROTOTYPES = YES;
				CLANG_WARN_SUSPICIOUS_MOVE = YES;
				CLANG_WARN_UNGUARDED_AVAILABILITY = YES_AGGRESSIVE;
				CLANG_WARN_UNREACHABLE_CODE = YES;
				CLANG_WARN__DUPLICATE_METHOD_MATCH = YES;
				CODE_SIGN_IDENTITY = "iPhone Developer";
				COPY_PHASE_STRIP = NO;
				DEBUG_INFORMATION_FORMAT = dwarf;
				ENABLE_STRICT_OBJC_MSGSEND = YES;
				ENABLE_TESTABILITY = YES;
				GCC_C_LANGUAGE_STANDARD = gnu11;
				GCC_DYNAMIC_NO_PIC = NO;
				GCC_NO_COMMON_BLOCKS = YES;
				GCC_OPTIMIZATION_LEVEL = 0;
				GCC_PREPROCESSOR_DEFINITIONS = (
					"DEBUG=1",
					"$(inherited)",
				);
				GCC_WARN_64_TO_32_BIT_CONVERSION = YES;
				GCC_WARN_ABOUT_RETURN_TYPE = YES_ERROR;
				GCC_WARN_UNDECLARED_SELECTOR = YES;
				GCC_WARN_UNINITIALIZED_AUTOS = YES_AGGRESSIVE;
				GCC_WARN_UNUSED_FUNCTION = YES;
				GCC_WARN_UNUSED_VARIABLE = YES;
				IPHONEOS_DEPLOYMENT_TARGET = 12.2;
				MTL_ENABLE_DEBUG_INFO = INCLUDE_SOURCE;
				MTL_FAST_MATH = YES;
				ONLY_ACTIVE_ARCH = YES;
				SDKROOT = iphoneos;
				SWIFT_ACTIVE_COMPILATION_CONDITIONS = DEBUG;
				SWIFT_OPTIMIZATION_LEVEL = "-Onone";
			};
			name = Debug;
		};
		E61E91CF2338EE7D00184885 /* Release */ = {
			isa = XCBuildConfiguration;
			buildSettings = {
				ALWAYS_SEARCH_USER_PATHS = NO;
				CLANG_ANALYZER_LOCALIZABILITY_NONLOCALIZED = YES;
				CLANG_ANALYZER_NONNULL = YES;
				CLANG_ANALYZER_NUMBER_OBJECT_CONVERSION = YES_AGGRESSIVE;
				CLANG_CXX_LANGUAGE_STANDARD = "gnu++14";
				CLANG_CXX_LIBRARY = "libc++";
				CLANG_ENABLE_MODULES = YES;
				CLANG_ENABLE_OBJC_ARC = YES;
				CLANG_ENABLE_OBJC_WEAK = YES;
				CLANG_WARN_BLOCK_CAPTURE_AUTORELEASING = YES;
				CLANG_WARN_BOOL_CONVERSION = YES;
				CLANG_WARN_COMMA = YES;
				CLANG_WARN_CONSTANT_CONVERSION = YES;
				CLANG_WARN_DEPRECATED_OBJC_IMPLEMENTATIONS = YES;
				CLANG_WARN_DIRECT_OBJC_ISA_USAGE = YES_ERROR;
				CLANG_WARN_DOCUMENTATION_COMMENTS = YES;
				CLANG_WARN_EMPTY_BODY = YES;
				CLANG_WARN_ENUM_CONVERSION = YES;
				CLANG_WARN_INFINITE_RECURSION = YES;
				CLANG_WARN_INT_CONVERSION = YES;
				CLANG_WARN_NON_LITERAL_NULL_CONVERSION = YES;
				CLANG_WARN_OBJC_IMPLICIT_RETAIN_SELF = YES;
				CLANG_WARN_OBJC_LITERAL_CONVERSION = YES;
				CLANG_WARN_OBJC_ROOT_CLASS = YES_ERROR;
				CLANG_WARN_RANGE_LOOP_ANALYSIS = YES;
				CLANG_WARN_STRICT_PROTOTYPES = YES;
				CLANG_WARN_SUSPICIOUS_MOVE = YES;
				CLANG_WARN_UNGUARDED_AVAILABILITY = YES_AGGRESSIVE;
				CLANG_WARN_UNREACHABLE_CODE = YES;
				CLANG_WARN__DUPLICATE_METHOD_MATCH = YES;
				CODE_SIGN_IDENTITY = "iPhone Developer";
				COPY_PHASE_STRIP = NO;
				DEBUG_INFORMATION_FORMAT = "dwarf-with-dsym";
				ENABLE_NS_ASSERTIONS = NO;
				ENABLE_STRICT_OBJC_MSGSEND = YES;
				GCC_C_LANGUAGE_STANDARD = gnu11;
				GCC_NO_COMMON_BLOCKS = YES;
				GCC_WARN_64_TO_32_BIT_CONVERSION = YES;
				GCC_WARN_ABOUT_RETURN_TYPE = YES_ERROR;
				GCC_WARN_UNDECLARED_SELECTOR = YES;
				GCC_WARN_UNINITIALIZED_AUTOS = YES_AGGRESSIVE;
				GCC_WARN_UNUSED_FUNCTION = YES;
				GCC_WARN_UNUSED_VARIABLE = YES;
				IPHONEOS_DEPLOYMENT_TARGET = 12.2;
				MTL_ENABLE_DEBUG_INFO = NO;
				MTL_FAST_MATH = YES;
				SDKROOT = iphoneos;
				SWIFT_COMPILATION_MODE = wholemodule;
				SWIFT_OPTIMIZATION_LEVEL = "-O";
				VALIDATE_PRODUCT = YES;
			};
			name = Release;
		};
		E61E91D12338EE7D00184885 /* Debug */ = {
			isa = XCBuildConfiguration;
			baseConfigurationReference = 976229B2BDF5A2CDC61A932A /* Pods-ZeroShare.debug.xcconfig */;
			buildSettings = {
				ASSETCATALOG_COMPILER_APPICON_NAME = AppIcon;
				CODE_SIGN_STYLE = Automatic;
				DEVELOPMENT_TEAM = TW8WRSRZ44;
				INFOPLIST_FILE = ZeroShare/Info.plist;
				IPHONEOS_DEPLOYMENT_TARGET = 10.0;
				LD_RUNPATH_SEARCH_PATHS = (
					"$(inherited)",
					"@executable_path/Frameworks",
				);
				PRODUCT_BUNDLE_IDENTIFIER = com.saeipi.ZeroShare;
				PRODUCT_NAME = KSChart;
				SWIFT_OBJC_BRIDGING_HEADER = "ZeroShare/Scripts/Objectc/ZeroShare-Bridging-Header.h";
				SWIFT_VERSION = 5.0;
				TARGETED_DEVICE_FAMILY = "1,2";
			};
			name = Debug;
		};
		E61E91D22338EE7D00184885 /* Release */ = {
			isa = XCBuildConfiguration;
			baseConfigurationReference = 078502BD5C7E716DD24FEE07 /* Pods-ZeroShare.release.xcconfig */;
			buildSettings = {
				ASSETCATALOG_COMPILER_APPICON_NAME = AppIcon;
				CODE_SIGN_STYLE = Automatic;
				DEVELOPMENT_TEAM = TW8WRSRZ44;
				INFOPLIST_FILE = ZeroShare/Info.plist;
				IPHONEOS_DEPLOYMENT_TARGET = 10.0;
				LD_RUNPATH_SEARCH_PATHS = (
					"$(inherited)",
					"@executable_path/Frameworks",
				);
				PRODUCT_BUNDLE_IDENTIFIER = com.saeipi.ZeroShare;
				PRODUCT_NAME = KSChart;
				SWIFT_OBJC_BRIDGING_HEADER = "ZeroShare/Scripts/Objectc/ZeroShare-Bridging-Header.h";
				SWIFT_VERSION = 5.0;
				TARGETED_DEVICE_FAMILY = "1,2";
			};
			name = Release;
		};
/* End XCBuildConfiguration section */

/* Begin XCConfigurationList section */
		E61E91B92338EE7C00184885 /* Build configuration list for PBXProject "ZeroShare" */ = {
			isa = XCConfigurationList;
			buildConfigurations = (
				E61E91CE2338EE7D00184885 /* Debug */,
				E61E91CF2338EE7D00184885 /* Release */,
			);
			defaultConfigurationIsVisible = 0;
			defaultConfigurationName = Release;
		};
		E61E91D02338EE7D00184885 /* Build configuration list for PBXNativeTarget "ZeroShare" */ = {
			isa = XCConfigurationList;
			buildConfigurations = (
				E61E91D12338EE7D00184885 /* Debug */,
				E61E91D22338EE7D00184885 /* Release */,
			);
			defaultConfigurationIsVisible = 0;
			defaultConfigurationName = Release;
		};
/* End XCConfigurationList section */
	};
	rootObject = E61E91B62338EE7C00184885 /* Project object */;
}
