PODS:
  - Alamofire (5.0.0-beta.6)
  - HandyJSON (5.0.0)
  - HMSegmentedControl (1.5.3)
  - MXPagerView (0.2.1)
  - MXParallaxHeader (0.6.1)
  - MXSegmentedPager (3.3.0):
    - HMSegmentedControl (= 1.5.3)
    - MXPagerView (= 0.2.1)
    - MXParallaxHeader (= 0.6.1)
  - SnapKit (5.0.0)
  - SocketRocket (0.5.1)
  - SwiftyJSON (5.0.0)

DEPENDENCIES:
  - Alamofire (~> 5.0.0-beta.5)
  - HandyJSON (~> 5.0.0)
  - MXSegmentedPager (~> 3.3.0)
  - SnapKit (~> 5.0.0)
  - SocketRocket (~> 0.5.1)
  - SwiftyJSON (~> 5.0.0)

SPEC REPOS:
  https://github.com/CocoaPods/Specs.git:
    - Alamofire
    - HandyJSON
    - HMSegmentedControl
    - MXPagerView
    - MXParallaxHeader
    - MXSegmentedPager
    - SnapKit
    - SocketRocket
    - SwiftyJSON

SPEC CHECKSUMS:
  Alamofire: cd08a4402bd12cacd0c66f23fb12fec8d6b965e4
  HandyJSON: 992f2d661716d6a91de82d0056927bc7813b5770
  HMSegmentedControl: 7c6145afb50f26cec5f3243082f6f12b9f41318f
  MXPagerView: ede184b5191b2ed689ccf05a750a9978cce42414
  MXParallaxHeader: 858c403532ed933b381556a81ce333d7065ad182
  MXSegmentedPager: a35ebaf939e1629f24db3bb26653c1c557362f59
  SnapKit: fd22d10eb9aff484d79a8724eab922c1ddf89bcf
  SocketRocket: d57c7159b83c3c6655745cd15302aa24b6bae531
  SwiftyJSON: 36413e04c44ee145039d332b4f4e2d3e8d6c4db7

PODFILE CHECKSUM: f84136698f895cd44f071d4960e6774fe0bebed1

COCOAPODS: 1.9.1
